// !$*UTF8*$!
{
	archiveVersion = 1;
	classes = {
	};
	objectVersion = 46;
	objects = {

/* Begin PBXBuildFile section */
		BB9F70B6CD7601E5E08902A1 /* AirPlayService.m in Sources */ = {isa = PBXBuildFile; fileRef = BB9F786205D0DD1F8718CF96 /* AirPlayService.m */; };
		BB9F710601FE8B999634A5BF /* AirPlayWebAppSession.m in Sources */ = {isa = PBXBuildFile; fileRef = BB9F76C6A6C862002C9FB89D /* AirPlayWebAppSession.m */; };
		BB9F75C707C7D86EB1934BD5 /* ZeroConfDiscoveryProvider.m in Sources */ = {isa = PBXBuildFile; fileRef = BB9F752184AD57C1730A2B40 /* ZeroConfDiscoveryProvider.m */; };
		BB9F77CAA91F6D159BAC3C28 /* WebOSTVServiceSocketClient.m in Sources */ = {isa = PBXBuildFile; fileRef = BB9F7EB7477EC3A22B5E3114 /* WebOSTVServiceSocketClient.m */; };
		BB9F7C2660FBFFFDA89D5683 /* AirPlayServiceMirrored.m in Sources */ = {isa = PBXBuildFile; fileRef = BB9F7C85F1073867229D87EA /* AirPlayServiceMirrored.m */; };
		BB9F7ED4584DEA55E1EB958B /* AirPlayServiceHTTP.m in Sources */ = {isa = PBXBuildFile; fileRef = BB9F7960CFCF1CEA2AF317F0 /* AirPlayServiceHTTP.m */; };
		EA3F17F81909AC3400EFAA6F /* AirPlayWebAppSession.h in CopyFiles */ = {isa = PBXBuildFile; fileRef = BB9F725D0F278CD7B78F1FC6 /* AirPlayWebAppSession.h */; };
		EA4F02C01953A75200D90E38 /* WebOSTVServiceSocketClient.h in CopyFiles */ = {isa = PBXBuildFile; fileRef = BB9F760BBBC0E963F08D4CD1 /* WebOSTVServiceSocketClient.h */; };
		EA61EB1418FE485B00D75696 /* Foundation.framework in Frameworks */ = {isa = PBXBuildFile; fileRef = EA61EB1318FE485B00D75696 /* Foundation.framework */; };
		EA61EBA918FE48C500D75696 /* ConnectableDevice.m in Sources */ = {isa = PBXBuildFile; fileRef = EA61EB4018FE48C500D75696 /* ConnectableDevice.m */; };
		EA61EBAA18FE48C500D75696 /* DefaultConnectableDeviceStore.m in Sources */ = {isa = PBXBuildFile; fileRef = EA61EB4418FE48C500D75696 /* DefaultConnectableDeviceStore.m */; };
		EA61EBAB18FE48C500D75696 /* DevicePicker.m in Sources */ = {isa = PBXBuildFile; fileRef = EA61EB4618FE48C500D75696 /* DevicePicker.m */; };
		EA61EBAC18FE48C500D75696 /* CapabilityFilter.m in Sources */ = {isa = PBXBuildFile; fileRef = EA61EB4A18FE48C500D75696 /* CapabilityFilter.m */; };
		EA61EBAD18FE48C500D75696 /* DiscoveryManager.m in Sources */ = {isa = PBXBuildFile; fileRef = EA61EB4C18FE48C500D75696 /* DiscoveryManager.m */; };
		EA61EBAE18FE48C500D75696 /* DiscoveryProvider.m in Sources */ = {isa = PBXBuildFile; fileRef = EA61EB4F18FE48C500D75696 /* DiscoveryProvider.m */; };
		EA61EBAF18FE48C500D75696 /* CastDiscoveryProvider.m in Sources */ = {isa = PBXBuildFile; fileRef = EA61EB5318FE48C500D75696 /* CastDiscoveryProvider.m */; };
		EA61EBB018FE48C500D75696 /* SSDPDiscoveryProvider.m in Sources */ = {isa = PBXBuildFile; fileRef = EA61EB5518FE48C500D75696 /* SSDPDiscoveryProvider.m */; };
		EA61EBB118FE48C500D75696 /* AppInfo.m in Sources */ = {isa = PBXBuildFile; fileRef = EA61EB5818FE48C500D75696 /* AppInfo.m */; };
		EA61EBB218FE48C500D75696 /* ChannelInfo.m in Sources */ = {isa = PBXBuildFile; fileRef = EA61EB5A18FE48C500D75696 /* ChannelInfo.m */; };
		EA61EBB318FE48C500D75696 /* ConnectError.m in Sources */ = {isa = PBXBuildFile; fileRef = EA61EB5C18FE48C500D75696 /* ConnectError.m */; };
		EA61EBB418FE48C500D75696 /* ConnectUtil.m in Sources */ = {isa = PBXBuildFile; fileRef = EA61EB5E18FE48C500D75696 /* ConnectUtil.m */; };
		EA61EBB518FE48C500D75696 /* DeviceServiceReachability.m in Sources */ = {isa = PBXBuildFile; fileRef = EA61EB6018FE48C500D75696 /* DeviceServiceReachability.m */; };
		EA61EBB618FE48C500D75696 /* ExternalInputInfo.m in Sources */ = {isa = PBXBuildFile; fileRef = EA61EB6218FE48C500D75696 /* ExternalInputInfo.m */; };
		EA61EBB718FE48C500D75696 /* ProgramInfo.m in Sources */ = {isa = PBXBuildFile; fileRef = EA61EB6518FE48C500D75696 /* ProgramInfo.m */; };
		EA61EBB818FE48C500D75696 /* SSDPSocketListener.m in Sources */ = {isa = PBXBuildFile; fileRef = EA61EB6718FE48C500D75696 /* SSDPSocketListener.m */; };
		EA61EBB918FE48C500D75696 /* TextInputStatusInfo.m in Sources */ = {isa = PBXBuildFile; fileRef = EA61EB6918FE48C500D75696 /* TextInputStatusInfo.m */; };
		EA61EBBA18FE48C500D75696 /* CastService.m in Sources */ = {isa = PBXBuildFile; fileRef = EA61EB7A18FE48C500D75696 /* CastService.m */; };
		EA61EBBB18FE48C500D75696 /* ServiceAsyncCommand.m in Sources */ = {isa = PBXBuildFile; fileRef = EA61EB7D18FE48C500D75696 /* ServiceAsyncCommand.m */; };
		EA61EBBC18FE48C500D75696 /* ServiceCommand.m in Sources */ = {isa = PBXBuildFile; fileRef = EA61EB7F18FE48C500D75696 /* ServiceCommand.m */; };
		EA61EBBD18FE48C500D75696 /* ServiceSubscription.m in Sources */ = {isa = PBXBuildFile; fileRef = EA61EB8218FE48C500D75696 /* ServiceSubscription.m */; };
		EA61EBBE18FE48C500D75696 /* NetcastTVServiceConfig.m in Sources */ = {isa = PBXBuildFile; fileRef = EA61EB8518FE48C500D75696 /* NetcastTVServiceConfig.m */; };
		EA61EBBF18FE48C500D75696 /* ServiceConfig.m in Sources */ = {isa = PBXBuildFile; fileRef = EA61EB8718FE48C500D75696 /* ServiceConfig.m */; };
		EA61EBC018FE48C500D75696 /* ServiceDescription.m in Sources */ = {isa = PBXBuildFile; fileRef = EA61EB8A18FE48C500D75696 /* ServiceDescription.m */; };
		EA61EBC118FE48C500D75696 /* WebOSTVServiceConfig.m in Sources */ = {isa = PBXBuildFile; fileRef = EA61EB8C18FE48C500D75696 /* WebOSTVServiceConfig.m */; };
		EA61EBC218FE48C500D75696 /* DeviceService.m in Sources */ = {isa = PBXBuildFile; fileRef = EA61EB8E18FE48C500D75696 /* DeviceService.m */; };
		EA61EBC318FE48C500D75696 /* DIALService.m in Sources */ = {isa = PBXBuildFile; fileRef = EA61EB9118FE48C500D75696 /* DIALService.m */; };
		EA61EBC418FE48C500D75696 /* DLNAService.m in Sources */ = {isa = PBXBuildFile; fileRef = EA61EB9318FE48C500D75696 /* DLNAService.m */; };
		EA61EBC518FE48C500D75696 /* CastServiceChannel.m in Sources */ = {isa = PBXBuildFile; fileRef = EA61EB9618FE48C500D75696 /* CastServiceChannel.m */; };
		EA61EBC618FE48C500D75696 /* WebOSTVServiceMouse.m in Sources */ = {isa = PBXBuildFile; fileRef = EA61EB9818FE48C500D75696 /* WebOSTVServiceMouse.m */; };
		EA61EBC718FE48C500D75696 /* NetcastTVService.m in Sources */ = {isa = PBXBuildFile; fileRef = EA61EB9A18FE48C500D75696 /* NetcastTVService.m */; };
		EA61EBC818FE48C500D75696 /* RokuService.m in Sources */ = {isa = PBXBuildFile; fileRef = EA61EB9C18FE48C500D75696 /* RokuService.m */; };
		EA61EBC918FE48C500D75696 /* CastWebAppSession.m in Sources */ = {isa = PBXBuildFile; fileRef = EA61EB9F18FE48C500D75696 /* CastWebAppSession.m */; };
		EA61EBCA18FE48C500D75696 /* LaunchSession.m in Sources */ = {isa = PBXBuildFile; fileRef = EA61EBA118FE48C500D75696 /* LaunchSession.m */; };
		EA61EBCB18FE48C500D75696 /* WebAppSession.m in Sources */ = {isa = PBXBuildFile; fileRef = EA61EBA318FE48C500D75696 /* WebAppSession.m */; };
		EA61EBCC18FE48C500D75696 /* WebOSWebAppSession.m in Sources */ = {isa = PBXBuildFile; fileRef = EA61EBA618FE48C500D75696 /* WebOSWebAppSession.m */; };
		EA61EBCD18FE48C500D75696 /* WebOSTVService.m in Sources */ = {isa = PBXBuildFile; fileRef = EA61EBA818FE48C500D75696 /* WebOSTVService.m */; };
		EA61EBE618FE48D400D75696 /* GCDWebServer.m in Sources */ = {isa = PBXBuildFile; fileRef = EA61EBD118FE48D400D75696 /* GCDWebServer.m */; settings = {COMPILER_FLAGS = "-w"; }; };
		EA61EBE718FE48D400D75696 /* GCDWebServerConnection.m in Sources */ = {isa = PBXBuildFile; fileRef = EA61EBD318FE48D400D75696 /* GCDWebServerConnection.m */; settings = {COMPILER_FLAGS = "-w"; }; };
		EA61EBE818FE48D400D75696 /* GCDWebServerRequest.m in Sources */ = {isa = PBXBuildFile; fileRef = EA61EBD618FE48D400D75696 /* GCDWebServerRequest.m */; settings = {COMPILER_FLAGS = "-w"; }; };
		EA61EBE918FE48D400D75696 /* GCDWebServerResponse.m in Sources */ = {isa = PBXBuildFile; fileRef = EA61EBD818FE48D400D75696 /* GCDWebServerResponse.m */; settings = {COMPILER_FLAGS = "-w"; }; };
		EA61EBEA18FE48D400D75696 /* Guid.m in Sources */ = {isa = PBXBuildFile; fileRef = EA61EBDC18FE48D400D75696 /* Guid.m */; settings = {COMPILER_FLAGS = "-w"; }; };
		EA61EBEB18FE48D400D75696 /* LGSRWebSocket.m in Sources */ = {isa = PBXBuildFile; fileRef = EA61EBE018FE48D400D75696 /* LGSRWebSocket.m */; settings = {COMPILER_FLAGS = "-w"; }; };
		EA61EBEC18FE48D400D75696 /* XMLReader.m in Sources */ = {isa = PBXBuildFile; fileRef = EA61EBE518FE48D400D75696 /* XMLReader.m */; settings = {COMPILER_FLAGS = "-w"; }; };
		EA61EBF018FE48E900D75696 /* SystemConfiguration.framework in Frameworks */ = {isa = PBXBuildFile; fileRef = EA61EBEF18FE48E900D75696 /* SystemConfiguration.framework */; };
		EA61EBF218FE48EF00D75696 /* MobileCoreServices.framework in Frameworks */ = {isa = PBXBuildFile; fileRef = EA61EBF118FE48EF00D75696 /* MobileCoreServices.framework */; };
		EA649E181901EABB00DD9FC7 /* ZeroConfDiscoveryProvider.h in CopyFiles */ = {isa = PBXBuildFile; fileRef = BB9F7C71326AB56D77F39095 /* ZeroConfDiscoveryProvider.h */; };
		EA9AAFE3193F94F600B72990 /* ASIAuthenticationDialog.m in Sources */ = {isa = PBXBuildFile; fileRef = EA9AAF92193F94F600B72990 /* ASIAuthenticationDialog.m */; settings = {COMPILER_FLAGS = "-fno-objc-arc"; }; };
		EA9AAFE4193F94F600B72990 /* ASIDataCompressor.m in Sources */ = {isa = PBXBuildFile; fileRef = EA9AAF95193F94F600B72990 /* ASIDataCompressor.m */; settings = {COMPILER_FLAGS = "-fno-objc-arc"; }; };
		EA9AAFE5193F94F600B72990 /* ASIDataDecompressor.m in Sources */ = {isa = PBXBuildFile; fileRef = EA9AAF97193F94F600B72990 /* ASIDataDecompressor.m */; settings = {COMPILER_FLAGS = "-fno-objc-arc"; }; };
		EA9AAFE6193F94F600B72990 /* ASIDownloadCache.m in Sources */ = {isa = PBXBuildFile; fileRef = EA9AAF99193F94F600B72990 /* ASIDownloadCache.m */; settings = {COMPILER_FLAGS = "-fno-objc-arc"; }; };
		EA9AAFE7193F94F600B72990 /* ASIFormDataRequest.m in Sources */ = {isa = PBXBuildFile; fileRef = EA9AAF9B193F94F600B72990 /* ASIFormDataRequest.m */; settings = {COMPILER_FLAGS = "-fno-objc-arc"; }; };
		EA9AAFE8193F94F600B72990 /* ASIHTTPRequest.m in Sources */ = {isa = PBXBuildFile; fileRef = EA9AAF9D193F94F600B72990 /* ASIHTTPRequest.m */; settings = {COMPILER_FLAGS = "-fno-objc-arc"; }; };
		EA9AAFE9193F94F600B72990 /* ASIInputStream.m in Sources */ = {isa = PBXBuildFile; fileRef = EA9AAFA1193F94F600B72990 /* ASIInputStream.m */; settings = {COMPILER_FLAGS = "-fno-objc-arc"; }; };
		EA9AAFEA193F94F600B72990 /* ASINetworkQueue.m in Sources */ = {isa = PBXBuildFile; fileRef = EA9AAFA3193F94F600B72990 /* ASINetworkQueue.m */; settings = {COMPILER_FLAGS = "-fno-objc-arc"; }; };
		EA9AB00B193F957800B72990 /* Reachability.m in Sources */ = {isa = PBXBuildFile; fileRef = EA9AB00A193F957800B72990 /* Reachability.m */; settings = {COMPILER_FLAGS = "-fno-objc-arc"; }; };
		EAAA426C1937AD690072ABBF /* AirPlayServiceMirrored.h in CopyFiles */ = {isa = PBXBuildFile; fileRef = BB9F74D76D7D96D4136929C8 /* AirPlayServiceMirrored.h */; };
		EAAA426D1937AD690072ABBF /* AirPlayServiceHTTP.h in CopyFiles */ = {isa = PBXBuildFile; fileRef = BB9F7C3C796FA0C8CD18C649 /* AirPlayServiceHTTP.h */; };
		EAAA426E1937AD690072ABBF /* AirPlayService.h in CopyFiles */ = {isa = PBXBuildFile; fileRef = BB9F765C7443AC13CB37632E /* AirPlayService.h */; };
		EAD7F85E1906E98200B33AAB /* AVFoundation.framework in Frameworks */ = {isa = PBXBuildFile; fileRef = EAD7F85D1906E98200B33AAB /* AVFoundation.framework */; };
		EAD7F8601906E99C00B33AAB /* UIKit.framework in Frameworks */ = {isa = PBXBuildFile; fileRef = EAD7F85F1906E99C00B33AAB /* UIKit.framework */; };
		EAFA986818FEE8DF001C4FA1 /* ConnectSDK.h in CopyFiles */ = {isa = PBXBuildFile; fileRef = EA61EB3D18FE48C500D75696 /* ConnectSDK.h */; };
		EAFA986918FEE988001C4FA1 /* ConnectableDevice.h in CopyFiles */ = {isa = PBXBuildFile; fileRef = EA61EB3F18FE48C500D75696 /* ConnectableDevice.h */; };
		EAFA986A18FEE988001C4FA1 /* ConnectableDeviceDelegate.h in CopyFiles */ = {isa = PBXBuildFile; fileRef = EA61EB4118FE48C500D75696 /* ConnectableDeviceDelegate.h */; };
		EAFA986B18FEE988001C4FA1 /* ConnectableDeviceStore.h in CopyFiles */ = {isa = PBXBuildFile; fileRef = EA61EB4218FE48C500D75696 /* ConnectableDeviceStore.h */; };
		EAFA986C18FEE988001C4FA1 /* DefaultConnectableDeviceStore.h in CopyFiles */ = {isa = PBXBuildFile; fileRef = EA61EB4318FE48C500D75696 /* DefaultConnectableDeviceStore.h */; };
		EAFA986D18FEE988001C4FA1 /* DevicePicker.h in CopyFiles */ = {isa = PBXBuildFile; fileRef = EA61EB4518FE48C500D75696 /* DevicePicker.h */; };
		EAFA986E18FEE988001C4FA1 /* DevicePickerDelegate.h in CopyFiles */ = {isa = PBXBuildFile; fileRef = EA61EB4718FE48C500D75696 /* DevicePickerDelegate.h */; };
		EAFA986F18FEE988001C4FA1 /* CapabilityFilter.h in CopyFiles */ = {isa = PBXBuildFile; fileRef = EA61EB4918FE48C500D75696 /* CapabilityFilter.h */; };
		EAFA987018FEE988001C4FA1 /* DiscoveryManager.h in CopyFiles */ = {isa = PBXBuildFile; fileRef = EA61EB4B18FE48C500D75696 /* DiscoveryManager.h */; };
		EAFA987118FEE988001C4FA1 /* DiscoveryManagerDelegate.h in CopyFiles */ = {isa = PBXBuildFile; fileRef = EA61EB4D18FE48C500D75696 /* DiscoveryManagerDelegate.h */; };
		EAFA987218FEE988001C4FA1 /* DiscoveryProvider.h in CopyFiles */ = {isa = PBXBuildFile; fileRef = EA61EB4E18FE48C500D75696 /* DiscoveryProvider.h */; };
		EAFA987318FEE988001C4FA1 /* DiscoveryProviderDelegate.h in CopyFiles */ = {isa = PBXBuildFile; fileRef = EA61EB5018FE48C500D75696 /* DiscoveryProviderDelegate.h */; };
		EAFA987418FEE988001C4FA1 /* CastDiscoveryProvider.h in CopyFiles */ = {isa = PBXBuildFile; fileRef = EA61EB5218FE48C500D75696 /* CastDiscoveryProvider.h */; };
		EAFA987518FEE988001C4FA1 /* SSDPDiscoveryProvider.h in CopyFiles */ = {isa = PBXBuildFile; fileRef = EA61EB5418FE48C500D75696 /* SSDPDiscoveryProvider.h */; };
		EAFA987618FEE99A001C4FA1 /* AppInfo.h in CopyFiles */ = {isa = PBXBuildFile; fileRef = EA61EB5718FE48C500D75696 /* AppInfo.h */; };
		EAFA987718FEE99A001C4FA1 /* ChannelInfo.h in CopyFiles */ = {isa = PBXBuildFile; fileRef = EA61EB5918FE48C500D75696 /* ChannelInfo.h */; };
		EAFA987818FEE99A001C4FA1 /* ConnectError.h in CopyFiles */ = {isa = PBXBuildFile; fileRef = EA61EB5B18FE48C500D75696 /* ConnectError.h */; };
		EAFA987918FEE99A001C4FA1 /* ConnectUtil.h in CopyFiles */ = {isa = PBXBuildFile; fileRef = EA61EB5D18FE48C500D75696 /* ConnectUtil.h */; };
		EAFA987A18FEE99A001C4FA1 /* DeviceServiceReachability.h in CopyFiles */ = {isa = PBXBuildFile; fileRef = EA61EB5F18FE48C500D75696 /* DeviceServiceReachability.h */; };
		EAFA987B18FEE99A001C4FA1 /* ExternalInputInfo.h in CopyFiles */ = {isa = PBXBuildFile; fileRef = EA61EB6118FE48C500D75696 /* ExternalInputInfo.h */; };
		EAFA987C18FEE99A001C4FA1 /* JSONObjectCoding.h in CopyFiles */ = {isa = PBXBuildFile; fileRef = EA61EB6318FE48C500D75696 /* JSONObjectCoding.h */; };
		EAFA987D18FEE99A001C4FA1 /* ProgramInfo.h in CopyFiles */ = {isa = PBXBuildFile; fileRef = EA61EB6418FE48C500D75696 /* ProgramInfo.h */; };
		EAFA987E18FEE99A001C4FA1 /* SSDPSocketListener.h in CopyFiles */ = {isa = PBXBuildFile; fileRef = EA61EB6618FE48C500D75696 /* SSDPSocketListener.h */; };
		EAFA987F18FEE99A001C4FA1 /* TextInputStatusInfo.h in CopyFiles */ = {isa = PBXBuildFile; fileRef = EA61EB6818FE48C500D75696 /* TextInputStatusInfo.h */; };
		EAFA988018FEE9A2001C4FA1 /* Capability.h in CopyFiles */ = {isa = PBXBuildFile; fileRef = EA61EB6C18FE48C500D75696 /* Capability.h */; };
		EAFA988118FEE9A2001C4FA1 /* ExternalInputControl.h in CopyFiles */ = {isa = PBXBuildFile; fileRef = EA61EB6D18FE48C500D75696 /* ExternalInputControl.h */; };
		EAFA988218FEE9A2001C4FA1 /* KeyControl.h in CopyFiles */ = {isa = PBXBuildFile; fileRef = EA61EB6E18FE48C500D75696 /* KeyControl.h */; };
		EAFA988318FEE9A2001C4FA1 /* Launcher.h in CopyFiles */ = {isa = PBXBuildFile; fileRef = EA61EB6F18FE48C500D75696 /* Launcher.h */; };
		EAFA988418FEE9A2001C4FA1 /* MediaControl.h in CopyFiles */ = {isa = PBXBuildFile; fileRef = EA61EB7018FE48C500D75696 /* MediaControl.h */; };
		EAFA988518FEE9A2001C4FA1 /* MediaPlayer.h in CopyFiles */ = {isa = PBXBuildFile; fileRef = EA61EB7118FE48C500D75696 /* MediaPlayer.h */; };
		EAFA988618FEE9A2001C4FA1 /* MouseControl.h in CopyFiles */ = {isa = PBXBuildFile; fileRef = EA61EB7218FE48C500D75696 /* MouseControl.h */; };
		EAFA988718FEE9A2001C4FA1 /* PowerControl.h in CopyFiles */ = {isa = PBXBuildFile; fileRef = EA61EB7318FE48C500D75696 /* PowerControl.h */; };
		EAFA988818FEE9A2001C4FA1 /* TextInputControl.h in CopyFiles */ = {isa = PBXBuildFile; fileRef = EA61EB7418FE48C500D75696 /* TextInputControl.h */; };
		EAFA988918FEE9A2001C4FA1 /* ToastControl.h in CopyFiles */ = {isa = PBXBuildFile; fileRef = EA61EB7518FE48C500D75696 /* ToastControl.h */; };
		EAFA988A18FEE9A2001C4FA1 /* TVControl.h in CopyFiles */ = {isa = PBXBuildFile; fileRef = EA61EB7618FE48C500D75696 /* TVControl.h */; };
		EAFA988B18FEE9A2001C4FA1 /* VolumeControl.h in CopyFiles */ = {isa = PBXBuildFile; fileRef = EA61EB7718FE48C500D75696 /* VolumeControl.h */; };
		EAFA988C18FEE9A2001C4FA1 /* WebAppLauncher.h in CopyFiles */ = {isa = PBXBuildFile; fileRef = EA61EB7818FE48C500D75696 /* WebAppLauncher.h */; };
		EAFA988D18FEE9A2001C4FA1 /* CastService.h in CopyFiles */ = {isa = PBXBuildFile; fileRef = EA61EB7918FE48C500D75696 /* CastService.h */; };
		EAFA988E18FEE9B5001C4FA1 /* ServiceAsyncCommand.h in CopyFiles */ = {isa = PBXBuildFile; fileRef = EA61EB7C18FE48C500D75696 /* ServiceAsyncCommand.h */; };
		EAFA988F18FEE9B5001C4FA1 /* ServiceCommand.h in CopyFiles */ = {isa = PBXBuildFile; fileRef = EA61EB7E18FE48C500D75696 /* ServiceCommand.h */; };
		EAFA989018FEE9B5001C4FA1 /* ServiceCommandDelegate.h in CopyFiles */ = {isa = PBXBuildFile; fileRef = EA61EB8018FE48C500D75696 /* ServiceCommandDelegate.h */; };
		EAFA989118FEE9B5001C4FA1 /* ServiceSubscription.h in CopyFiles */ = {isa = PBXBuildFile; fileRef = EA61EB8118FE48C500D75696 /* ServiceSubscription.h */; };
		EAFA989218FEE9B5001C4FA1 /* NetcastTVServiceConfig.h in CopyFiles */ = {isa = PBXBuildFile; fileRef = EA61EB8418FE48C500D75696 /* NetcastTVServiceConfig.h */; };
		EAFA989318FEE9B5001C4FA1 /* ServiceConfig.h in CopyFiles */ = {isa = PBXBuildFile; fileRef = EA61EB8618FE48C500D75696 /* ServiceConfig.h */; };
		EAFA989418FEE9B5001C4FA1 /* ServiceConfigDelegate.h in CopyFiles */ = {isa = PBXBuildFile; fileRef = EA61EB8818FE48C500D75696 /* ServiceConfigDelegate.h */; };
		EAFA989518FEE9B5001C4FA1 /* ServiceDescription.h in CopyFiles */ = {isa = PBXBuildFile; fileRef = EA61EB8918FE48C500D75696 /* ServiceDescription.h */; };
		EAFA989618FEE9B5001C4FA1 /* WebOSTVServiceConfig.h in CopyFiles */ = {isa = PBXBuildFile; fileRef = EA61EB8B18FE48C500D75696 /* WebOSTVServiceConfig.h */; };
		EAFA989718FEE9B5001C4FA1 /* DeviceService.h in CopyFiles */ = {isa = PBXBuildFile; fileRef = EA61EB8D18FE48C500D75696 /* DeviceService.h */; };
		EAFA989818FEE9B5001C4FA1 /* DeviceServiceDelegate.h in CopyFiles */ = {isa = PBXBuildFile; fileRef = EA61EB8F18FE48C500D75696 /* DeviceServiceDelegate.h */; };
		EAFA989918FEE9B5001C4FA1 /* DIALService.h in CopyFiles */ = {isa = PBXBuildFile; fileRef = EA61EB9018FE48C500D75696 /* DIALService.h */; };
		EAFA989A18FEE9B5001C4FA1 /* DLNAService.h in CopyFiles */ = {isa = PBXBuildFile; fileRef = EA61EB9218FE48C500D75696 /* DLNAService.h */; };
		EAFA989B18FEE9B5001C4FA1 /* CastServiceChannel.h in CopyFiles */ = {isa = PBXBuildFile; fileRef = EA61EB9518FE48C500D75696 /* CastServiceChannel.h */; };
		EAFA989C18FEE9B5001C4FA1 /* WebOSTVServiceMouse.h in CopyFiles */ = {isa = PBXBuildFile; fileRef = EA61EB9718FE48C500D75696 /* WebOSTVServiceMouse.h */; };
		EAFA989D18FEE9B5001C4FA1 /* NetcastTVService.h in CopyFiles */ = {isa = PBXBuildFile; fileRef = EA61EB9918FE48C500D75696 /* NetcastTVService.h */; };
		EAFA989E18FEE9B5001C4FA1 /* RokuService.h in CopyFiles */ = {isa = PBXBuildFile; fileRef = EA61EB9B18FE48C500D75696 /* RokuService.h */; };
		EAFA989F18FEE9B5001C4FA1 /* CastWebAppSession.h in CopyFiles */ = {isa = PBXBuildFile; fileRef = EA61EB9E18FE48C500D75696 /* CastWebAppSession.h */; };
		EAFA98A018FEE9B5001C4FA1 /* LaunchSession.h in CopyFiles */ = {isa = PBXBuildFile; fileRef = EA61EBA018FE48C500D75696 /* LaunchSession.h */; };
		EAFA98A118FEE9B5001C4FA1 /* WebAppSession.h in CopyFiles */ = {isa = PBXBuildFile; fileRef = EA61EBA218FE48C500D75696 /* WebAppSession.h */; };
		EAFA98A218FEE9B5001C4FA1 /* WebAppSessionDelegate.h in CopyFiles */ = {isa = PBXBuildFile; fileRef = EA61EBA418FE48C500D75696 /* WebAppSessionDelegate.h */; };
		EAFA98A318FEE9B5001C4FA1 /* WebOSWebAppSession.h in CopyFiles */ = {isa = PBXBuildFile; fileRef = EA61EBA518FE48C500D75696 /* WebOSWebAppSession.h */; };
		EAFA98A418FEE9B5001C4FA1 /* WebOSTVService.h in CopyFiles */ = {isa = PBXBuildFile; fileRef = EA61EBA718FE48C500D75696 /* WebOSTVService.h */; };
		EAFA98A518FEE9B5001C4FA1 /* GCDWebServer.h in CopyFiles */ = {isa = PBXBuildFile; fileRef = EA61EBD018FE48D400D75696 /* GCDWebServer.h */; };
		EAFA98A618FEE9B5001C4FA1 /* GCDWebServerConnection.h in CopyFiles */ = {isa = PBXBuildFile; fileRef = EA61EBD218FE48D400D75696 /* GCDWebServerConnection.h */; };
		EAFA98A718FEE9B5001C4FA1 /* GCDWebServerPrivate.h in CopyFiles */ = {isa = PBXBuildFile; fileRef = EA61EBD418FE48D400D75696 /* GCDWebServerPrivate.h */; };
		EAFA98A818FEE9B5001C4FA1 /* GCDWebServerRequest.h in CopyFiles */ = {isa = PBXBuildFile; fileRef = EA61EBD518FE48D400D75696 /* GCDWebServerRequest.h */; };
		EAFA98A918FEE9B5001C4FA1 /* GCDWebServerResponse.h in CopyFiles */ = {isa = PBXBuildFile; fileRef = EA61EBD718FE48D400D75696 /* GCDWebServerResponse.h */; };
		EAFA98AA18FEE9B5001C4FA1 /* Guid.h in CopyFiles */ = {isa = PBXBuildFile; fileRef = EA61EBDB18FE48D400D75696 /* Guid.h */; };
		EAFA98AB18FEE9B5001C4FA1 /* LGSRWebSocket.h in CopyFiles */ = {isa = PBXBuildFile; fileRef = EA61EBDF18FE48D400D75696 /* LGSRWebSocket.h */; };
		EAFA98AC18FEE9B5001C4FA1 /* XMLReader.h in CopyFiles */ = {isa = PBXBuildFile; fileRef = EA61EBE418FE48D400D75696 /* XMLReader.h */; };
/* End PBXBuildFile section */

/* Begin PBXCopyFilesBuildPhase section */
		EA61EB0E18FE485B00D75696 /* CopyFiles */ = {
			isa = PBXCopyFilesBuildPhase;
			buildActionMask = 2147483647;
			dstPath = "include/$(PRODUCT_NAME)";
			dstSubfolderSpec = 16;
			files = (
				EA4F02C01953A75200D90E38 /* WebOSTVServiceSocketClient.h in CopyFiles */,
				EAAA426C1937AD690072ABBF /* AirPlayServiceMirrored.h in CopyFiles */,
				EAAA426D1937AD690072ABBF /* AirPlayServiceHTTP.h in CopyFiles */,
				EAAA426E1937AD690072ABBF /* AirPlayService.h in CopyFiles */,
				EA3F17F81909AC3400EFAA6F /* AirPlayWebAppSession.h in CopyFiles */,
				EAFA988E18FEE9B5001C4FA1 /* ServiceAsyncCommand.h in CopyFiles */,
				EAFA988F18FEE9B5001C4FA1 /* ServiceCommand.h in CopyFiles */,
				EAFA989018FEE9B5001C4FA1 /* ServiceCommandDelegate.h in CopyFiles */,
				EAFA989118FEE9B5001C4FA1 /* ServiceSubscription.h in CopyFiles */,
				EAFA989218FEE9B5001C4FA1 /* NetcastTVServiceConfig.h in CopyFiles */,
				EAFA989318FEE9B5001C4FA1 /* ServiceConfig.h in CopyFiles */,
				EAFA989418FEE9B5001C4FA1 /* ServiceConfigDelegate.h in CopyFiles */,
				EAFA989518FEE9B5001C4FA1 /* ServiceDescription.h in CopyFiles */,
				EAFA989618FEE9B5001C4FA1 /* WebOSTVServiceConfig.h in CopyFiles */,
				EAFA989718FEE9B5001C4FA1 /* DeviceService.h in CopyFiles */,
				EAFA989818FEE9B5001C4FA1 /* DeviceServiceDelegate.h in CopyFiles */,
				EAFA989918FEE9B5001C4FA1 /* DIALService.h in CopyFiles */,
				EAFA989A18FEE9B5001C4FA1 /* DLNAService.h in CopyFiles */,
				EAFA989B18FEE9B5001C4FA1 /* CastServiceChannel.h in CopyFiles */,
				EAFA989C18FEE9B5001C4FA1 /* WebOSTVServiceMouse.h in CopyFiles */,
				EAFA989D18FEE9B5001C4FA1 /* NetcastTVService.h in CopyFiles */,
				EAFA989E18FEE9B5001C4FA1 /* RokuService.h in CopyFiles */,
				EAFA989F18FEE9B5001C4FA1 /* CastWebAppSession.h in CopyFiles */,
				EAFA98A018FEE9B5001C4FA1 /* LaunchSession.h in CopyFiles */,
				EAFA98A118FEE9B5001C4FA1 /* WebAppSession.h in CopyFiles */,
				EAFA98A218FEE9B5001C4FA1 /* WebAppSessionDelegate.h in CopyFiles */,
				EAFA98A318FEE9B5001C4FA1 /* WebOSWebAppSession.h in CopyFiles */,
				EAFA98A418FEE9B5001C4FA1 /* WebOSTVService.h in CopyFiles */,
				EAFA98A518FEE9B5001C4FA1 /* GCDWebServer.h in CopyFiles */,
				EAFA98A618FEE9B5001C4FA1 /* GCDWebServerConnection.h in CopyFiles */,
				EAFA98A718FEE9B5001C4FA1 /* GCDWebServerPrivate.h in CopyFiles */,
				EAFA98A818FEE9B5001C4FA1 /* GCDWebServerRequest.h in CopyFiles */,
				EAFA98A918FEE9B5001C4FA1 /* GCDWebServerResponse.h in CopyFiles */,
				EAFA98AA18FEE9B5001C4FA1 /* Guid.h in CopyFiles */,
				EAFA98AB18FEE9B5001C4FA1 /* LGSRWebSocket.h in CopyFiles */,
				EAFA98AC18FEE9B5001C4FA1 /* XMLReader.h in CopyFiles */,
				EAFA988018FEE9A2001C4FA1 /* Capability.h in CopyFiles */,
				EAFA988118FEE9A2001C4FA1 /* ExternalInputControl.h in CopyFiles */,
				EAFA988218FEE9A2001C4FA1 /* KeyControl.h in CopyFiles */,
				EAFA988318FEE9A2001C4FA1 /* Launcher.h in CopyFiles */,
				EAFA988418FEE9A2001C4FA1 /* MediaControl.h in CopyFiles */,
				EAFA988518FEE9A2001C4FA1 /* MediaPlayer.h in CopyFiles */,
				EAFA988618FEE9A2001C4FA1 /* MouseControl.h in CopyFiles */,
				EAFA988718FEE9A2001C4FA1 /* PowerControl.h in CopyFiles */,
				EAFA988818FEE9A2001C4FA1 /* TextInputControl.h in CopyFiles */,
				EAFA988918FEE9A2001C4FA1 /* ToastControl.h in CopyFiles */,
				EAFA988A18FEE9A2001C4FA1 /* TVControl.h in CopyFiles */,
				EAFA988B18FEE9A2001C4FA1 /* VolumeControl.h in CopyFiles */,
				EAFA988C18FEE9A2001C4FA1 /* WebAppLauncher.h in CopyFiles */,
				EAFA988D18FEE9A2001C4FA1 /* CastService.h in CopyFiles */,
				EAFA987618FEE99A001C4FA1 /* AppInfo.h in CopyFiles */,
				EAFA987718FEE99A001C4FA1 /* ChannelInfo.h in CopyFiles */,
				EAFA987818FEE99A001C4FA1 /* ConnectError.h in CopyFiles */,
				EAFA987918FEE99A001C4FA1 /* ConnectUtil.h in CopyFiles */,
				EAFA987A18FEE99A001C4FA1 /* DeviceServiceReachability.h in CopyFiles */,
				EAFA987B18FEE99A001C4FA1 /* ExternalInputInfo.h in CopyFiles */,
				EAFA987C18FEE99A001C4FA1 /* JSONObjectCoding.h in CopyFiles */,
				EAFA987D18FEE99A001C4FA1 /* ProgramInfo.h in CopyFiles */,
				EAFA987E18FEE99A001C4FA1 /* SSDPSocketListener.h in CopyFiles */,
				EAFA987F18FEE99A001C4FA1 /* TextInputStatusInfo.h in CopyFiles */,
				EAFA986918FEE988001C4FA1 /* ConnectableDevice.h in CopyFiles */,
				EAFA986A18FEE988001C4FA1 /* ConnectableDeviceDelegate.h in CopyFiles */,
				EAFA986B18FEE988001C4FA1 /* ConnectableDeviceStore.h in CopyFiles */,
				EAFA986C18FEE988001C4FA1 /* DefaultConnectableDeviceStore.h in CopyFiles */,
				EAFA986D18FEE988001C4FA1 /* DevicePicker.h in CopyFiles */,
				EAFA986E18FEE988001C4FA1 /* DevicePickerDelegate.h in CopyFiles */,
				EAFA986F18FEE988001C4FA1 /* CapabilityFilter.h in CopyFiles */,
				EAFA987018FEE988001C4FA1 /* DiscoveryManager.h in CopyFiles */,
				EAFA987118FEE988001C4FA1 /* DiscoveryManagerDelegate.h in CopyFiles */,
				EAFA987218FEE988001C4FA1 /* DiscoveryProvider.h in CopyFiles */,
				EAFA987318FEE988001C4FA1 /* DiscoveryProviderDelegate.h in CopyFiles */,
				EAFA987418FEE988001C4FA1 /* CastDiscoveryProvider.h in CopyFiles */,
				EAFA987518FEE988001C4FA1 /* SSDPDiscoveryProvider.h in CopyFiles */,
				EA649E181901EABB00DD9FC7 /* ZeroConfDiscoveryProvider.h in CopyFiles */,
				EAFA986818FEE8DF001C4FA1 /* ConnectSDK.h in CopyFiles */,
			);
			runOnlyForDeploymentPostprocessing = 0;
		};
/* End PBXCopyFilesBuildPhase section */

/* Begin PBXFileReference section */
		BB9F725D0F278CD7B78F1FC6 /* AirPlayWebAppSession.h */ = {isa = PBXFileReference; fileEncoding = 4; lastKnownFileType = sourcecode.c.h; path = AirPlayWebAppSession.h; sourceTree = "<group>"; };
		BB9F74D76D7D96D4136929C8 /* AirPlayServiceMirrored.h */ = {isa = PBXFileReference; fileEncoding = 4; lastKnownFileType = sourcecode.c.h; path = AirPlayServiceMirrored.h; sourceTree = "<group>"; };
		BB9F752184AD57C1730A2B40 /* ZeroConfDiscoveryProvider.m */ = {isa = PBXFileReference; fileEncoding = 4; lastKnownFileType = sourcecode.c.objc; path = ZeroConfDiscoveryProvider.m; sourceTree = "<group>"; };
		BB9F760BBBC0E963F08D4CD1 /* WebOSTVServiceSocketClient.h */ = {isa = PBXFileReference; fileEncoding = 4; lastKnownFileType = sourcecode.c.h; path = WebOSTVServiceSocketClient.h; sourceTree = "<group>"; };
		BB9F765C7443AC13CB37632E /* AirPlayService.h */ = {isa = PBXFileReference; fileEncoding = 4; lastKnownFileType = sourcecode.c.h; path = AirPlayService.h; sourceTree = "<group>"; };
		BB9F76C6A6C862002C9FB89D /* AirPlayWebAppSession.m */ = {isa = PBXFileReference; fileEncoding = 4; lastKnownFileType = sourcecode.c.objc; path = AirPlayWebAppSession.m; sourceTree = "<group>"; };
		BB9F786205D0DD1F8718CF96 /* AirPlayService.m */ = {isa = PBXFileReference; fileEncoding = 4; lastKnownFileType = sourcecode.c.objc; path = AirPlayService.m; sourceTree = "<group>"; };
		BB9F7960CFCF1CEA2AF317F0 /* AirPlayServiceHTTP.m */ = {isa = PBXFileReference; fileEncoding = 4; lastKnownFileType = sourcecode.c.objc; path = AirPlayServiceHTTP.m; sourceTree = "<group>"; };
		BB9F7C3C796FA0C8CD18C649 /* AirPlayServiceHTTP.h */ = {isa = PBXFileReference; fileEncoding = 4; lastKnownFileType = sourcecode.c.h; path = AirPlayServiceHTTP.h; sourceTree = "<group>"; };
		BB9F7C71326AB56D77F39095 /* ZeroConfDiscoveryProvider.h */ = {isa = PBXFileReference; fileEncoding = 4; lastKnownFileType = sourcecode.c.h; path = ZeroConfDiscoveryProvider.h; sourceTree = "<group>"; };
		BB9F7C85F1073867229D87EA /* AirPlayServiceMirrored.m */ = {isa = PBXFileReference; fileEncoding = 4; lastKnownFileType = sourcecode.c.objc; path = AirPlayServiceMirrored.m; sourceTree = "<group>"; };
		BB9F7EB7477EC3A22B5E3114 /* WebOSTVServiceSocketClient.m */ = {isa = PBXFileReference; fileEncoding = 4; lastKnownFileType = sourcecode.c.objc; path = WebOSTVServiceSocketClient.m; sourceTree = "<group>"; };
		EA41388A18FE51A9002CB005 /* CoreFoundation.framework */ = {isa = PBXFileReference; lastKnownFileType = wrapper.framework; name = CoreFoundation.framework; path = System/Library/Frameworks/CoreFoundation.framework; sourceTree = SDKROOT; };
		EA61EB1018FE485B00D75696 /* libConnectSDK.a */ = {isa = PBXFileReference; explicitFileType = archive.ar; includeInIndex = 0; path = libConnectSDK.a; sourceTree = BUILT_PRODUCTS_DIR; };
		EA61EB1318FE485B00D75696 /* Foundation.framework */ = {isa = PBXFileReference; lastKnownFileType = wrapper.framework; name = Foundation.framework; path = System/Library/Frameworks/Foundation.framework; sourceTree = SDKROOT; };
		EA61EB1718FE485B00D75696 /* ConnectSDK-Prefix.pch */ = {isa = PBXFileReference; lastKnownFileType = sourcecode.c.h; path = "ConnectSDK-Prefix.pch"; sourceTree = "<group>"; };
		EA61EB3D18FE48C500D75696 /* ConnectSDK.h */ = {isa = PBXFileReference; fileEncoding = 4; lastKnownFileType = sourcecode.c.h; path = ConnectSDK.h; sourceTree = "<group>"; };
		EA61EB3F18FE48C500D75696 /* ConnectableDevice.h */ = {isa = PBXFileReference; fileEncoding = 4; lastKnownFileType = sourcecode.c.h; path = ConnectableDevice.h; sourceTree = "<group>"; };
		EA61EB4018FE48C500D75696 /* ConnectableDevice.m */ = {isa = PBXFileReference; fileEncoding = 4; lastKnownFileType = sourcecode.c.objc; path = ConnectableDevice.m; sourceTree = "<group>"; };
		EA61EB4118FE48C500D75696 /* ConnectableDeviceDelegate.h */ = {isa = PBXFileReference; fileEncoding = 4; lastKnownFileType = sourcecode.c.h; path = ConnectableDeviceDelegate.h; sourceTree = "<group>"; };
		EA61EB4218FE48C500D75696 /* ConnectableDeviceStore.h */ = {isa = PBXFileReference; fileEncoding = 4; lastKnownFileType = sourcecode.c.h; path = ConnectableDeviceStore.h; sourceTree = "<group>"; };
		EA61EB4318FE48C500D75696 /* DefaultConnectableDeviceStore.h */ = {isa = PBXFileReference; fileEncoding = 4; lastKnownFileType = sourcecode.c.h; path = DefaultConnectableDeviceStore.h; sourceTree = "<group>"; };
		EA61EB4418FE48C500D75696 /* DefaultConnectableDeviceStore.m */ = {isa = PBXFileReference; fileEncoding = 4; lastKnownFileType = sourcecode.c.objc; path = DefaultConnectableDeviceStore.m; sourceTree = "<group>"; };
		EA61EB4518FE48C500D75696 /* DevicePicker.h */ = {isa = PBXFileReference; fileEncoding = 4; lastKnownFileType = sourcecode.c.h; path = DevicePicker.h; sourceTree = "<group>"; };
		EA61EB4618FE48C500D75696 /* DevicePicker.m */ = {isa = PBXFileReference; fileEncoding = 4; lastKnownFileType = sourcecode.c.objc; path = DevicePicker.m; sourceTree = "<group>"; };
		EA61EB4718FE48C500D75696 /* DevicePickerDelegate.h */ = {isa = PBXFileReference; fileEncoding = 4; lastKnownFileType = sourcecode.c.h; path = DevicePickerDelegate.h; sourceTree = "<group>"; };
		EA61EB4918FE48C500D75696 /* CapabilityFilter.h */ = {isa = PBXFileReference; fileEncoding = 4; lastKnownFileType = sourcecode.c.h; path = CapabilityFilter.h; sourceTree = "<group>"; };
		EA61EB4A18FE48C500D75696 /* CapabilityFilter.m */ = {isa = PBXFileReference; fileEncoding = 4; lastKnownFileType = sourcecode.c.objc; path = CapabilityFilter.m; sourceTree = "<group>"; };
		EA61EB4B18FE48C500D75696 /* DiscoveryManager.h */ = {isa = PBXFileReference; fileEncoding = 4; lastKnownFileType = sourcecode.c.h; path = DiscoveryManager.h; sourceTree = "<group>"; };
		EA61EB4C18FE48C500D75696 /* DiscoveryManager.m */ = {isa = PBXFileReference; fileEncoding = 4; lastKnownFileType = sourcecode.c.objc; path = DiscoveryManager.m; sourceTree = "<group>"; };
		EA61EB4D18FE48C500D75696 /* DiscoveryManagerDelegate.h */ = {isa = PBXFileReference; fileEncoding = 4; lastKnownFileType = sourcecode.c.h; path = DiscoveryManagerDelegate.h; sourceTree = "<group>"; };
		EA61EB4E18FE48C500D75696 /* DiscoveryProvider.h */ = {isa = PBXFileReference; fileEncoding = 4; lastKnownFileType = sourcecode.c.h; path = DiscoveryProvider.h; sourceTree = "<group>"; };
		EA61EB4F18FE48C500D75696 /* DiscoveryProvider.m */ = {isa = PBXFileReference; fileEncoding = 4; lastKnownFileType = sourcecode.c.objc; path = DiscoveryProvider.m; sourceTree = "<group>"; };
		EA61EB5018FE48C500D75696 /* DiscoveryProviderDelegate.h */ = {isa = PBXFileReference; fileEncoding = 4; lastKnownFileType = sourcecode.c.h; path = DiscoveryProviderDelegate.h; sourceTree = "<group>"; };
		EA61EB5218FE48C500D75696 /* CastDiscoveryProvider.h */ = {isa = PBXFileReference; fileEncoding = 4; lastKnownFileType = sourcecode.c.h; path = CastDiscoveryProvider.h; sourceTree = "<group>"; };
		EA61EB5318FE48C500D75696 /* CastDiscoveryProvider.m */ = {isa = PBXFileReference; fileEncoding = 4; lastKnownFileType = sourcecode.c.objc; path = CastDiscoveryProvider.m; sourceTree = "<group>"; };
		EA61EB5418FE48C500D75696 /* SSDPDiscoveryProvider.h */ = {isa = PBXFileReference; fileEncoding = 4; lastKnownFileType = sourcecode.c.h; path = SSDPDiscoveryProvider.h; sourceTree = "<group>"; };
		EA61EB5518FE48C500D75696 /* SSDPDiscoveryProvider.m */ = {isa = PBXFileReference; fileEncoding = 4; lastKnownFileType = sourcecode.c.objc; path = SSDPDiscoveryProvider.m; sourceTree = "<group>"; };
		EA61EB5718FE48C500D75696 /* AppInfo.h */ = {isa = PBXFileReference; fileEncoding = 4; lastKnownFileType = sourcecode.c.h; path = AppInfo.h; sourceTree = "<group>"; };
		EA61EB5818FE48C500D75696 /* AppInfo.m */ = {isa = PBXFileReference; fileEncoding = 4; lastKnownFileType = sourcecode.c.objc; path = AppInfo.m; sourceTree = "<group>"; };
		EA61EB5918FE48C500D75696 /* ChannelInfo.h */ = {isa = PBXFileReference; fileEncoding = 4; lastKnownFileType = sourcecode.c.h; path = ChannelInfo.h; sourceTree = "<group>"; };
		EA61EB5A18FE48C500D75696 /* ChannelInfo.m */ = {isa = PBXFileReference; fileEncoding = 4; lastKnownFileType = sourcecode.c.objc; path = ChannelInfo.m; sourceTree = "<group>"; };
		EA61EB5B18FE48C500D75696 /* ConnectError.h */ = {isa = PBXFileReference; fileEncoding = 4; lastKnownFileType = sourcecode.c.h; path = ConnectError.h; sourceTree = "<group>"; };
		EA61EB5C18FE48C500D75696 /* ConnectError.m */ = {isa = PBXFileReference; fileEncoding = 4; lastKnownFileType = sourcecode.c.objc; path = ConnectError.m; sourceTree = "<group>"; };
		EA61EB5D18FE48C500D75696 /* ConnectUtil.h */ = {isa = PBXFileReference; fileEncoding = 4; lastKnownFileType = sourcecode.c.h; path = ConnectUtil.h; sourceTree = "<group>"; };
		EA61EB5E18FE48C500D75696 /* ConnectUtil.m */ = {isa = PBXFileReference; fileEncoding = 4; lastKnownFileType = sourcecode.c.objc; path = ConnectUtil.m; sourceTree = "<group>"; };
		EA61EB5F18FE48C500D75696 /* DeviceServiceReachability.h */ = {isa = PBXFileReference; fileEncoding = 4; lastKnownFileType = sourcecode.c.h; path = DeviceServiceReachability.h; sourceTree = "<group>"; };
		EA61EB6018FE48C500D75696 /* DeviceServiceReachability.m */ = {isa = PBXFileReference; fileEncoding = 4; lastKnownFileType = sourcecode.c.objc; path = DeviceServiceReachability.m; sourceTree = "<group>"; };
		EA61EB6118FE48C500D75696 /* ExternalInputInfo.h */ = {isa = PBXFileReference; fileEncoding = 4; lastKnownFileType = sourcecode.c.h; path = ExternalInputInfo.h; sourceTree = "<group>"; };
		EA61EB6218FE48C500D75696 /* ExternalInputInfo.m */ = {isa = PBXFileReference; fileEncoding = 4; lastKnownFileType = sourcecode.c.objc; path = ExternalInputInfo.m; sourceTree = "<group>"; };
		EA61EB6318FE48C500D75696 /* JSONObjectCoding.h */ = {isa = PBXFileReference; fileEncoding = 4; lastKnownFileType = sourcecode.c.h; path = JSONObjectCoding.h; sourceTree = "<group>"; };
		EA61EB6418FE48C500D75696 /* ProgramInfo.h */ = {isa = PBXFileReference; fileEncoding = 4; lastKnownFileType = sourcecode.c.h; path = ProgramInfo.h; sourceTree = "<group>"; };
		EA61EB6518FE48C500D75696 /* ProgramInfo.m */ = {isa = PBXFileReference; fileEncoding = 4; lastKnownFileType = sourcecode.c.objc; path = ProgramInfo.m; sourceTree = "<group>"; };
		EA61EB6618FE48C500D75696 /* SSDPSocketListener.h */ = {isa = PBXFileReference; fileEncoding = 4; lastKnownFileType = sourcecode.c.h; path = SSDPSocketListener.h; sourceTree = "<group>"; };
		EA61EB6718FE48C500D75696 /* SSDPSocketListener.m */ = {isa = PBXFileReference; fileEncoding = 4; lastKnownFileType = sourcecode.c.objc; path = SSDPSocketListener.m; sourceTree = "<group>"; };
		EA61EB6818FE48C500D75696 /* TextInputStatusInfo.h */ = {isa = PBXFileReference; fileEncoding = 4; lastKnownFileType = sourcecode.c.h; path = TextInputStatusInfo.h; sourceTree = "<group>"; };
		EA61EB6918FE48C500D75696 /* TextInputStatusInfo.m */ = {isa = PBXFileReference; fileEncoding = 4; lastKnownFileType = sourcecode.c.objc; path = TextInputStatusInfo.m; sourceTree = "<group>"; };
		EA61EB6C18FE48C500D75696 /* Capability.h */ = {isa = PBXFileReference; fileEncoding = 4; lastKnownFileType = sourcecode.c.h; path = Capability.h; sourceTree = "<group>"; };
		EA61EB6D18FE48C500D75696 /* ExternalInputControl.h */ = {isa = PBXFileReference; fileEncoding = 4; lastKnownFileType = sourcecode.c.h; path = ExternalInputControl.h; sourceTree = "<group>"; };
		EA61EB6E18FE48C500D75696 /* KeyControl.h */ = {isa = PBXFileReference; fileEncoding = 4; lastKnownFileType = sourcecode.c.h; path = KeyControl.h; sourceTree = "<group>"; };
		EA61EB6F18FE48C500D75696 /* Launcher.h */ = {isa = PBXFileReference; fileEncoding = 4; lastKnownFileType = sourcecode.c.h; path = Launcher.h; sourceTree = "<group>"; };
		EA61EB7018FE48C500D75696 /* MediaControl.h */ = {isa = PBXFileReference; fileEncoding = 4; lastKnownFileType = sourcecode.c.h; path = MediaControl.h; sourceTree = "<group>"; };
		EA61EB7118FE48C500D75696 /* MediaPlayer.h */ = {isa = PBXFileReference; fileEncoding = 4; lastKnownFileType = sourcecode.c.h; path = MediaPlayer.h; sourceTree = "<group>"; };
		EA61EB7218FE48C500D75696 /* MouseControl.h */ = {isa = PBXFileReference; fileEncoding = 4; lastKnownFileType = sourcecode.c.h; path = MouseControl.h; sourceTree = "<group>"; };
		EA61EB7318FE48C500D75696 /* PowerControl.h */ = {isa = PBXFileReference; fileEncoding = 4; lastKnownFileType = sourcecode.c.h; path = PowerControl.h; sourceTree = "<group>"; };
		EA61EB7418FE48C500D75696 /* TextInputControl.h */ = {isa = PBXFileReference; fileEncoding = 4; lastKnownFileType = sourcecode.c.h; path = TextInputControl.h; sourceTree = "<group>"; };
		EA61EB7518FE48C500D75696 /* ToastControl.h */ = {isa = PBXFileReference; fileEncoding = 4; lastKnownFileType = sourcecode.c.h; path = ToastControl.h; sourceTree = "<group>"; };
		EA61EB7618FE48C500D75696 /* TVControl.h */ = {isa = PBXFileReference; fileEncoding = 4; lastKnownFileType = sourcecode.c.h; path = TVControl.h; sourceTree = "<group>"; };
		EA61EB7718FE48C500D75696 /* VolumeControl.h */ = {isa = PBXFileReference; fileEncoding = 4; lastKnownFileType = sourcecode.c.h; path = VolumeControl.h; sourceTree = "<group>"; };
		EA61EB7818FE48C500D75696 /* WebAppLauncher.h */ = {isa = PBXFileReference; fileEncoding = 4; lastKnownFileType = sourcecode.c.h; path = WebAppLauncher.h; sourceTree = "<group>"; };
		EA61EB7918FE48C500D75696 /* CastService.h */ = {isa = PBXFileReference; fileEncoding = 4; lastKnownFileType = sourcecode.c.h; path = CastService.h; sourceTree = "<group>"; };
		EA61EB7A18FE48C500D75696 /* CastService.m */ = {isa = PBXFileReference; fileEncoding = 4; lastKnownFileType = sourcecode.c.objc; path = CastService.m; sourceTree = "<group>"; };
		EA61EB7C18FE48C500D75696 /* ServiceAsyncCommand.h */ = {isa = PBXFileReference; fileEncoding = 4; lastKnownFileType = sourcecode.c.h; path = ServiceAsyncCommand.h; sourceTree = "<group>"; };
		EA61EB7D18FE48C500D75696 /* ServiceAsyncCommand.m */ = {isa = PBXFileReference; fileEncoding = 4; lastKnownFileType = sourcecode.c.objc; path = ServiceAsyncCommand.m; sourceTree = "<group>"; };
		EA61EB7E18FE48C500D75696 /* ServiceCommand.h */ = {isa = PBXFileReference; fileEncoding = 4; lastKnownFileType = sourcecode.c.h; path = ServiceCommand.h; sourceTree = "<group>"; };
		EA61EB7F18FE48C500D75696 /* ServiceCommand.m */ = {isa = PBXFileReference; fileEncoding = 4; lastKnownFileType = sourcecode.c.objc; path = ServiceCommand.m; sourceTree = "<group>"; };
		EA61EB8018FE48C500D75696 /* ServiceCommandDelegate.h */ = {isa = PBXFileReference; fileEncoding = 4; lastKnownFileType = sourcecode.c.h; path = ServiceCommandDelegate.h; sourceTree = "<group>"; };
		EA61EB8118FE48C500D75696 /* ServiceSubscription.h */ = {isa = PBXFileReference; fileEncoding = 4; lastKnownFileType = sourcecode.c.h; path = ServiceSubscription.h; sourceTree = "<group>"; };
		EA61EB8218FE48C500D75696 /* ServiceSubscription.m */ = {isa = PBXFileReference; fileEncoding = 4; lastKnownFileType = sourcecode.c.objc; path = ServiceSubscription.m; sourceTree = "<group>"; };
		EA61EB8418FE48C500D75696 /* NetcastTVServiceConfig.h */ = {isa = PBXFileReference; fileEncoding = 4; lastKnownFileType = sourcecode.c.h; path = NetcastTVServiceConfig.h; sourceTree = "<group>"; };
		EA61EB8518FE48C500D75696 /* NetcastTVServiceConfig.m */ = {isa = PBXFileReference; fileEncoding = 4; lastKnownFileType = sourcecode.c.objc; path = NetcastTVServiceConfig.m; sourceTree = "<group>"; };
		EA61EB8618FE48C500D75696 /* ServiceConfig.h */ = {isa = PBXFileReference; fileEncoding = 4; lastKnownFileType = sourcecode.c.h; path = ServiceConfig.h; sourceTree = "<group>"; };
		EA61EB8718FE48C500D75696 /* ServiceConfig.m */ = {isa = PBXFileReference; fileEncoding = 4; lastKnownFileType = sourcecode.c.objc; path = ServiceConfig.m; sourceTree = "<group>"; };
		EA61EB8818FE48C500D75696 /* ServiceConfigDelegate.h */ = {isa = PBXFileReference; fileEncoding = 4; lastKnownFileType = sourcecode.c.h; path = ServiceConfigDelegate.h; sourceTree = "<group>"; };
		EA61EB8918FE48C500D75696 /* ServiceDescription.h */ = {isa = PBXFileReference; fileEncoding = 4; lastKnownFileType = sourcecode.c.h; path = ServiceDescription.h; sourceTree = "<group>"; };
		EA61EB8A18FE48C500D75696 /* ServiceDescription.m */ = {isa = PBXFileReference; fileEncoding = 4; lastKnownFileType = sourcecode.c.objc; path = ServiceDescription.m; sourceTree = "<group>"; };
		EA61EB8B18FE48C500D75696 /* WebOSTVServiceConfig.h */ = {isa = PBXFileReference; fileEncoding = 4; lastKnownFileType = sourcecode.c.h; path = WebOSTVServiceConfig.h; sourceTree = "<group>"; };
		EA61EB8C18FE48C500D75696 /* WebOSTVServiceConfig.m */ = {isa = PBXFileReference; fileEncoding = 4; lastKnownFileType = sourcecode.c.objc; path = WebOSTVServiceConfig.m; sourceTree = "<group>"; };
		EA61EB8D18FE48C500D75696 /* DeviceService.h */ = {isa = PBXFileReference; fileEncoding = 4; lastKnownFileType = sourcecode.c.h; path = DeviceService.h; sourceTree = "<group>"; };
		EA61EB8E18FE48C500D75696 /* DeviceService.m */ = {isa = PBXFileReference; fileEncoding = 4; lastKnownFileType = sourcecode.c.objc; path = DeviceService.m; sourceTree = "<group>"; };
		EA61EB8F18FE48C500D75696 /* DeviceServiceDelegate.h */ = {isa = PBXFileReference; fileEncoding = 4; lastKnownFileType = sourcecode.c.h; path = DeviceServiceDelegate.h; sourceTree = "<group>"; };
		EA61EB9018FE48C500D75696 /* DIALService.h */ = {isa = PBXFileReference; fileEncoding = 4; lastKnownFileType = sourcecode.c.h; path = DIALService.h; sourceTree = "<group>"; };
		EA61EB9118FE48C500D75696 /* DIALService.m */ = {isa = PBXFileReference; fileEncoding = 4; lastKnownFileType = sourcecode.c.objc; path = DIALService.m; sourceTree = "<group>"; };
		EA61EB9218FE48C500D75696 /* DLNAService.h */ = {isa = PBXFileReference; fileEncoding = 4; lastKnownFileType = sourcecode.c.h; path = DLNAService.h; sourceTree = "<group>"; };
		EA61EB9318FE48C500D75696 /* DLNAService.m */ = {isa = PBXFileReference; fileEncoding = 4; lastKnownFileType = sourcecode.c.objc; path = DLNAService.m; sourceTree = "<group>"; };
		EA61EB9518FE48C500D75696 /* CastServiceChannel.h */ = {isa = PBXFileReference; fileEncoding = 4; lastKnownFileType = sourcecode.c.h; path = CastServiceChannel.h; sourceTree = "<group>"; };
		EA61EB9618FE48C500D75696 /* CastServiceChannel.m */ = {isa = PBXFileReference; fileEncoding = 4; lastKnownFileType = sourcecode.c.objc; path = CastServiceChannel.m; sourceTree = "<group>"; };
		EA61EB9718FE48C500D75696 /* WebOSTVServiceMouse.h */ = {isa = PBXFileReference; fileEncoding = 4; lastKnownFileType = sourcecode.c.h; path = WebOSTVServiceMouse.h; sourceTree = "<group>"; };
		EA61EB9818FE48C500D75696 /* WebOSTVServiceMouse.m */ = {isa = PBXFileReference; fileEncoding = 4; lastKnownFileType = sourcecode.c.objc; path = WebOSTVServiceMouse.m; sourceTree = "<group>"; };
		EA61EB9918FE48C500D75696 /* NetcastTVService.h */ = {isa = PBXFileReference; fileEncoding = 4; lastKnownFileType = sourcecode.c.h; path = NetcastTVService.h; sourceTree = "<group>"; };
		EA61EB9A18FE48C500D75696 /* NetcastTVService.m */ = {isa = PBXFileReference; fileEncoding = 4; lastKnownFileType = sourcecode.c.objc; path = NetcastTVService.m; sourceTree = "<group>"; };
		EA61EB9B18FE48C500D75696 /* RokuService.h */ = {isa = PBXFileReference; fileEncoding = 4; lastKnownFileType = sourcecode.c.h; path = RokuService.h; sourceTree = "<group>"; };
		EA61EB9C18FE48C500D75696 /* RokuService.m */ = {isa = PBXFileReference; fileEncoding = 4; lastKnownFileType = sourcecode.c.objc; path = RokuService.m; sourceTree = "<group>"; };
		EA61EB9E18FE48C500D75696 /* CastWebAppSession.h */ = {isa = PBXFileReference; fileEncoding = 4; lastKnownFileType = sourcecode.c.h; path = CastWebAppSession.h; sourceTree = "<group>"; };
		EA61EB9F18FE48C500D75696 /* CastWebAppSession.m */ = {isa = PBXFileReference; fileEncoding = 4; lastKnownFileType = sourcecode.c.objc; path = CastWebAppSession.m; sourceTree = "<group>"; };
		EA61EBA018FE48C500D75696 /* LaunchSession.h */ = {isa = PBXFileReference; fileEncoding = 4; lastKnownFileType = sourcecode.c.h; path = LaunchSession.h; sourceTree = "<group>"; };
		EA61EBA118FE48C500D75696 /* LaunchSession.m */ = {isa = PBXFileReference; fileEncoding = 4; lastKnownFileType = sourcecode.c.objc; path = LaunchSession.m; sourceTree = "<group>"; };
		EA61EBA218FE48C500D75696 /* WebAppSession.h */ = {isa = PBXFileReference; fileEncoding = 4; lastKnownFileType = sourcecode.c.h; path = WebAppSession.h; sourceTree = "<group>"; };
		EA61EBA318FE48C500D75696 /* WebAppSession.m */ = {isa = PBXFileReference; fileEncoding = 4; lastKnownFileType = sourcecode.c.objc; path = WebAppSession.m; sourceTree = "<group>"; };
		EA61EBA418FE48C500D75696 /* WebAppSessionDelegate.h */ = {isa = PBXFileReference; fileEncoding = 4; lastKnownFileType = sourcecode.c.h; path = WebAppSessionDelegate.h; sourceTree = "<group>"; };
		EA61EBA518FE48C500D75696 /* WebOSWebAppSession.h */ = {isa = PBXFileReference; fileEncoding = 4; lastKnownFileType = sourcecode.c.h; path = WebOSWebAppSession.h; sourceTree = "<group>"; };
		EA61EBA618FE48C500D75696 /* WebOSWebAppSession.m */ = {isa = PBXFileReference; fileEncoding = 4; lastKnownFileType = sourcecode.c.objc; path = WebOSWebAppSession.m; sourceTree = "<group>"; };
		EA61EBA718FE48C500D75696 /* WebOSTVService.h */ = {isa = PBXFileReference; fileEncoding = 4; lastKnownFileType = sourcecode.c.h; path = WebOSTVService.h; sourceTree = "<group>"; };
		EA61EBA818FE48C500D75696 /* WebOSTVService.m */ = {isa = PBXFileReference; fileEncoding = 4; lastKnownFileType = sourcecode.c.objc; path = WebOSTVService.m; sourceTree = "<group>"; };
		EA61EBD018FE48D400D75696 /* GCDWebServer.h */ = {isa = PBXFileReference; fileEncoding = 4; lastKnownFileType = sourcecode.c.h; path = GCDWebServer.h; sourceTree = "<group>"; };
		EA61EBD118FE48D400D75696 /* GCDWebServer.m */ = {isa = PBXFileReference; fileEncoding = 4; lastKnownFileType = sourcecode.c.objc; path = GCDWebServer.m; sourceTree = "<group>"; };
		EA61EBD218FE48D400D75696 /* GCDWebServerConnection.h */ = {isa = PBXFileReference; fileEncoding = 4; lastKnownFileType = sourcecode.c.h; path = GCDWebServerConnection.h; sourceTree = "<group>"; };
		EA61EBD318FE48D400D75696 /* GCDWebServerConnection.m */ = {isa = PBXFileReference; fileEncoding = 4; lastKnownFileType = sourcecode.c.objc; path = GCDWebServerConnection.m; sourceTree = "<group>"; };
		EA61EBD418FE48D400D75696 /* GCDWebServerPrivate.h */ = {isa = PBXFileReference; fileEncoding = 4; lastKnownFileType = sourcecode.c.h; path = GCDWebServerPrivate.h; sourceTree = "<group>"; };
		EA61EBD518FE48D400D75696 /* GCDWebServerRequest.h */ = {isa = PBXFileReference; fileEncoding = 4; lastKnownFileType = sourcecode.c.h; path = GCDWebServerRequest.h; sourceTree = "<group>"; };
		EA61EBD618FE48D400D75696 /* GCDWebServerRequest.m */ = {isa = PBXFileReference; fileEncoding = 4; lastKnownFileType = sourcecode.c.objc; path = GCDWebServerRequest.m; sourceTree = "<group>"; };
		EA61EBD718FE48D400D75696 /* GCDWebServerResponse.h */ = {isa = PBXFileReference; fileEncoding = 4; lastKnownFileType = sourcecode.c.h; path = GCDWebServerResponse.h; sourceTree = "<group>"; };
		EA61EBD818FE48D400D75696 /* GCDWebServerResponse.m */ = {isa = PBXFileReference; fileEncoding = 4; lastKnownFileType = sourcecode.c.objc; path = GCDWebServerResponse.m; sourceTree = "<group>"; };
		EA61EBDB18FE48D400D75696 /* Guid.h */ = {isa = PBXFileReference; fileEncoding = 4; lastKnownFileType = sourcecode.c.h; path = Guid.h; sourceTree = "<group>"; };
		EA61EBDC18FE48D400D75696 /* Guid.m */ = {isa = PBXFileReference; fileEncoding = 4; lastKnownFileType = sourcecode.c.objc; path = Guid.m; sourceTree = "<group>"; };
		EA61EBDF18FE48D400D75696 /* LGSRWebSocket.h */ = {isa = PBXFileReference; fileEncoding = 4; lastKnownFileType = sourcecode.c.h; path = LGSRWebSocket.h; sourceTree = "<group>"; };
		EA61EBE018FE48D400D75696 /* LGSRWebSocket.m */ = {isa = PBXFileReference; fileEncoding = 4; lastKnownFileType = sourcecode.c.objc; path = LGSRWebSocket.m; sourceTree = "<group>"; };
		EA61EBE418FE48D400D75696 /* XMLReader.h */ = {isa = PBXFileReference; fileEncoding = 4; lastKnownFileType = sourcecode.c.h; path = XMLReader.h; sourceTree = "<group>"; };
		EA61EBE518FE48D400D75696 /* XMLReader.m */ = {isa = PBXFileReference; fileEncoding = 4; lastKnownFileType = sourcecode.c.objc; path = XMLReader.m; sourceTree = "<group>"; };
		EA61EBED18FE48DC00D75696 /* GoogleCast.framework */ = {isa = PBXFileReference; lastKnownFileType = wrapper.framework; name = GoogleCast.framework; path = "Connect SDK/Frameworks/GoogleCast.framework"; sourceTree = "<group>"; };
		EA61EBEF18FE48E900D75696 /* SystemConfiguration.framework */ = {isa = PBXFileReference; lastKnownFileType = wrapper.framework; name = SystemConfiguration.framework; path = System/Library/Frameworks/SystemConfiguration.framework; sourceTree = SDKROOT; };
		EA61EBF118FE48EF00D75696 /* MobileCoreServices.framework */ = {isa = PBXFileReference; lastKnownFileType = wrapper.framework; name = MobileCoreServices.framework; path = System/Library/Frameworks/MobileCoreServices.framework; sourceTree = SDKROOT; };
		EA9AAF91193F94F600B72990 /* ASIAuthenticationDialog.h */ = {isa = PBXFileReference; fileEncoding = 4; lastKnownFileType = sourcecode.c.h; path = ASIAuthenticationDialog.h; sourceTree = "<group>"; };
		EA9AAF92193F94F600B72990 /* ASIAuthenticationDialog.m */ = {isa = PBXFileReference; fileEncoding = 4; lastKnownFileType = sourcecode.c.objc; path = ASIAuthenticationDialog.m; sourceTree = "<group>"; };
		EA9AAF93193F94F600B72990 /* ASICacheDelegate.h */ = {isa = PBXFileReference; fileEncoding = 4; lastKnownFileType = sourcecode.c.h; path = ASICacheDelegate.h; sourceTree = "<group>"; };
		EA9AAF94193F94F600B72990 /* ASIDataCompressor.h */ = {isa = PBXFileReference; fileEncoding = 4; lastKnownFileType = sourcecode.c.h; path = ASIDataCompressor.h; sourceTree = "<group>"; };
		EA9AAF95193F94F600B72990 /* ASIDataCompressor.m */ = {isa = PBXFileReference; fileEncoding = 4; lastKnownFileType = sourcecode.c.objc; path = ASIDataCompressor.m; sourceTree = "<group>"; };
		EA9AAF96193F94F600B72990 /* ASIDataDecompressor.h */ = {isa = PBXFileReference; fileEncoding = 4; lastKnownFileType = sourcecode.c.h; path = ASIDataDecompressor.h; sourceTree = "<group>"; };
		EA9AAF97193F94F600B72990 /* ASIDataDecompressor.m */ = {isa = PBXFileReference; fileEncoding = 4; lastKnownFileType = sourcecode.c.objc; path = ASIDataDecompressor.m; sourceTree = "<group>"; };
		EA9AAF98193F94F600B72990 /* ASIDownloadCache.h */ = {isa = PBXFileReference; fileEncoding = 4; lastKnownFileType = sourcecode.c.h; path = ASIDownloadCache.h; sourceTree = "<group>"; };
		EA9AAF99193F94F600B72990 /* ASIDownloadCache.m */ = {isa = PBXFileReference; fileEncoding = 4; lastKnownFileType = sourcecode.c.objc; path = ASIDownloadCache.m; sourceTree = "<group>"; };
		EA9AAF9A193F94F600B72990 /* ASIFormDataRequest.h */ = {isa = PBXFileReference; fileEncoding = 4; lastKnownFileType = sourcecode.c.h; path = ASIFormDataRequest.h; sourceTree = "<group>"; };
		EA9AAF9B193F94F600B72990 /* ASIFormDataRequest.m */ = {isa = PBXFileReference; fileEncoding = 4; lastKnownFileType = sourcecode.c.objc; path = ASIFormDataRequest.m; sourceTree = "<group>"; };
		EA9AAF9C193F94F600B72990 /* ASIHTTPRequest.h */ = {isa = PBXFileReference; fileEncoding = 4; lastKnownFileType = sourcecode.c.h; path = ASIHTTPRequest.h; sourceTree = "<group>"; };
		EA9AAF9D193F94F600B72990 /* ASIHTTPRequest.m */ = {isa = PBXFileReference; fileEncoding = 4; lastKnownFileType = sourcecode.c.objc; path = ASIHTTPRequest.m; sourceTree = "<group>"; };
		EA9AAF9E193F94F600B72990 /* ASIHTTPRequestConfig.h */ = {isa = PBXFileReference; fileEncoding = 4; lastKnownFileType = sourcecode.c.h; path = ASIHTTPRequestConfig.h; sourceTree = "<group>"; };
		EA9AAF9F193F94F600B72990 /* ASIHTTPRequestDelegate.h */ = {isa = PBXFileReference; fileEncoding = 4; lastKnownFileType = sourcecode.c.h; path = ASIHTTPRequestDelegate.h; sourceTree = "<group>"; };
		EA9AAFA0193F94F600B72990 /* ASIInputStream.h */ = {isa = PBXFileReference; fileEncoding = 4; lastKnownFileType = sourcecode.c.h; path = ASIInputStream.h; sourceTree = "<group>"; };
		EA9AAFA1193F94F600B72990 /* ASIInputStream.m */ = {isa = PBXFileReference; fileEncoding = 4; lastKnownFileType = sourcecode.c.objc; path = ASIInputStream.m; sourceTree = "<group>"; };
		EA9AAFA2193F94F600B72990 /* ASINetworkQueue.h */ = {isa = PBXFileReference; fileEncoding = 4; lastKnownFileType = sourcecode.c.h; path = ASINetworkQueue.h; sourceTree = "<group>"; };
		EA9AAFA3193F94F600B72990 /* ASINetworkQueue.m */ = {isa = PBXFileReference; fileEncoding = 4; lastKnownFileType = sourcecode.c.objc; path = ASINetworkQueue.m; sourceTree = "<group>"; };
		EA9AAFA4193F94F600B72990 /* ASIProgressDelegate.h */ = {isa = PBXFileReference; fileEncoding = 4; lastKnownFileType = sourcecode.c.h; path = ASIProgressDelegate.h; sourceTree = "<group>"; };
		EA9AB009193F957800B72990 /* Reachability.h */ = {isa = PBXFileReference; fileEncoding = 4; lastKnownFileType = sourcecode.c.h; path = Reachability.h; sourceTree = "<group>"; };
		EA9AB00A193F957800B72990 /* Reachability.m */ = {isa = PBXFileReference; fileEncoding = 4; lastKnownFileType = sourcecode.c.objc; path = Reachability.m; sourceTree = "<group>"; };
		EAD7F85D1906E98200B33AAB /* AVFoundation.framework */ = {isa = PBXFileReference; lastKnownFileType = wrapper.framework; name = AVFoundation.framework; path = System/Library/Frameworks/AVFoundation.framework; sourceTree = SDKROOT; };
		EAD7F85F1906E99C00B33AAB /* UIKit.framework */ = {isa = PBXFileReference; lastKnownFileType = wrapper.framework; name = UIKit.framework; path = System/Library/Frameworks/UIKit.framework; sourceTree = SDKROOT; };
/* End PBXFileReference section */

/* Begin PBXFrameworksBuildPhase section */
		EA61EB0D18FE485B00D75696 /* Frameworks */ = {
			isa = PBXFrameworksBuildPhase;
			buildActionMask = 2147483647;
			files = (
				EAD7F8601906E99C00B33AAB /* UIKit.framework in Frameworks */,
				EAD7F85E1906E98200B33AAB /* AVFoundation.framework in Frameworks */,
				EA61EBF218FE48EF00D75696 /* MobileCoreServices.framework in Frameworks */,
				EA61EBF018FE48E900D75696 /* SystemConfiguration.framework in Frameworks */,
				EA61EB1418FE485B00D75696 /* Foundation.framework in Frameworks */,
			);
			runOnlyForDeploymentPostprocessing = 0;
		};
/* End PBXFrameworksBuildPhase section */

/* Begin PBXGroup section */
		EA61EB0718FE485B00D75696 = {
			isa = PBXGroup;
			children = (
				EA61EB1518FE485B00D75696 /* ConnectSDK */,
				EA61EB1218FE485B00D75696 /* Frameworks */,
				EA61EB1118FE485B00D75696 /* Products */,
			);
			sourceTree = "<group>";
		};
		EA61EB1118FE485B00D75696 /* Products */ = {
			isa = PBXGroup;
			children = (
				EA61EB1018FE485B00D75696 /* libConnectSDK.a */,
			);
			name = Products;
			sourceTree = "<group>";
		};
		EA61EB1218FE485B00D75696 /* Frameworks */ = {
			isa = PBXGroup;
			children = (
				EAD7F85F1906E99C00B33AAB /* UIKit.framework */,
				EAD7F85D1906E98200B33AAB /* AVFoundation.framework */,
				EA61EBF118FE48EF00D75696 /* MobileCoreServices.framework */,
				EA61EBEF18FE48E900D75696 /* SystemConfiguration.framework */,
				EA61EBED18FE48DC00D75696 /* GoogleCast.framework */,
				EA61EB1318FE485B00D75696 /* Foundation.framework */,
				EA41388A18FE51A9002CB005 /* CoreFoundation.framework */,
			);
			name = Frameworks;
			sourceTree = "<group>";
		};
		EA61EB1518FE485B00D75696 /* ConnectSDK */ = {
			isa = PBXGroup;
			children = (
				EA61EB3D18FE48C500D75696 /* ConnectSDK.h */,
				EA61EB3E18FE48C500D75696 /* Devices */,
				EA61EB4818FE48C500D75696 /* Discovery */,
				EA61EB5618FE48C500D75696 /* Helpers */,
				EA61EB6A18FE48C500D75696 /* Services */,
				EA61EBCE18FE48D400D75696 /* Frameworks */,
				EA61EB1618FE485B00D75696 /* Supporting Files */,
			);
			path = ConnectSDK;
			sourceTree = "<group>";
		};
		EA61EB1618FE485B00D75696 /* Supporting Files */ = {
			isa = PBXGroup;
			children = (
				EA61EB1718FE485B00D75696 /* ConnectSDK-Prefix.pch */,
			);
			name = "Supporting Files";
			sourceTree = "<group>";
		};
		EA61EB3E18FE48C500D75696 /* Devices */ = {
			isa = PBXGroup;
			children = (
				EA61EB3F18FE48C500D75696 /* ConnectableDevice.h */,
				EA61EB4018FE48C500D75696 /* ConnectableDevice.m */,
				EA61EB4118FE48C500D75696 /* ConnectableDeviceDelegate.h */,
				EA61EB4218FE48C500D75696 /* ConnectableDeviceStore.h */,
				EA61EB4318FE48C500D75696 /* DefaultConnectableDeviceStore.h */,
				EA61EB4418FE48C500D75696 /* DefaultConnectableDeviceStore.m */,
				EA61EB4518FE48C500D75696 /* DevicePicker.h */,
				EA61EB4618FE48C500D75696 /* DevicePicker.m */,
				EA61EB4718FE48C500D75696 /* DevicePickerDelegate.h */,
			);
			path = Devices;
			sourceTree = "<group>";
		};
		EA61EB4818FE48C500D75696 /* Discovery */ = {
			isa = PBXGroup;
			children = (
				EA61EB4918FE48C500D75696 /* CapabilityFilter.h */,
				EA61EB4A18FE48C500D75696 /* CapabilityFilter.m */,
				EA61EB4B18FE48C500D75696 /* DiscoveryManager.h */,
				EA61EB4C18FE48C500D75696 /* DiscoveryManager.m */,
				EA61EB4D18FE48C500D75696 /* DiscoveryManagerDelegate.h */,
				EA61EB4E18FE48C500D75696 /* DiscoveryProvider.h */,
				EA61EB4F18FE48C500D75696 /* DiscoveryProvider.m */,
				EA61EB5018FE48C500D75696 /* DiscoveryProviderDelegate.h */,
				EA61EB5118FE48C500D75696 /* Providers */,
			);
			path = Discovery;
			sourceTree = "<group>";
		};
		EA61EB5118FE48C500D75696 /* Providers */ = {
			isa = PBXGroup;
			children = (
				EA61EB5218FE48C500D75696 /* CastDiscoveryProvider.h */,
				EA61EB5318FE48C500D75696 /* CastDiscoveryProvider.m */,
				EA61EB5418FE48C500D75696 /* SSDPDiscoveryProvider.h */,
				EA61EB5518FE48C500D75696 /* SSDPDiscoveryProvider.m */,
				BB9F752184AD57C1730A2B40 /* ZeroConfDiscoveryProvider.m */,
				BB9F7C71326AB56D77F39095 /* ZeroConfDiscoveryProvider.h */,
			);
			path = Providers;
			sourceTree = "<group>";
		};
		EA61EB5618FE48C500D75696 /* Helpers */ = {
			isa = PBXGroup;
			children = (
				EA61EB5718FE48C500D75696 /* AppInfo.h */,
				EA61EB5818FE48C500D75696 /* AppInfo.m */,
				EA61EB5918FE48C500D75696 /* ChannelInfo.h */,
				EA61EB5A18FE48C500D75696 /* ChannelInfo.m */,
				EA61EB5B18FE48C500D75696 /* ConnectError.h */,
				EA61EB5C18FE48C500D75696 /* ConnectError.m */,
				EA61EB5D18FE48C500D75696 /* ConnectUtil.h */,
				EA61EB5E18FE48C500D75696 /* ConnectUtil.m */,
				EA61EB5F18FE48C500D75696 /* DeviceServiceReachability.h */,
				EA61EB6018FE48C500D75696 /* DeviceServiceReachability.m */,
				EA61EB6118FE48C500D75696 /* ExternalInputInfo.h */,
				EA61EB6218FE48C500D75696 /* ExternalInputInfo.m */,
				EA61EB6318FE48C500D75696 /* JSONObjectCoding.h */,
				EA61EB6418FE48C500D75696 /* ProgramInfo.h */,
				EA61EB6518FE48C500D75696 /* ProgramInfo.m */,
				EA61EB6618FE48C500D75696 /* SSDPSocketListener.h */,
				EA61EB6718FE48C500D75696 /* SSDPSocketListener.m */,
				EA61EB6818FE48C500D75696 /* TextInputStatusInfo.h */,
				EA61EB6918FE48C500D75696 /* TextInputStatusInfo.m */,
			);
			path = Helpers;
			sourceTree = "<group>";
		};
		EA61EB6A18FE48C500D75696 /* Services */ = {
			isa = PBXGroup;
			children = (
				EA61EB6B18FE48C500D75696 /* Capabilities */,
				EA61EB7918FE48C500D75696 /* CastService.h */,
				EA61EB7A18FE48C500D75696 /* CastService.m */,
				EA61EB7B18FE48C500D75696 /* Commands */,
				EA61EB8318FE48C500D75696 /* Config */,
				EA61EB8D18FE48C500D75696 /* DeviceService.h */,
				EA61EB8E18FE48C500D75696 /* DeviceService.m */,
				EA61EB8F18FE48C500D75696 /* DeviceServiceDelegate.h */,
				EA61EB9018FE48C500D75696 /* DIALService.h */,
				EA61EB9118FE48C500D75696 /* DIALService.m */,
				EA61EB9218FE48C500D75696 /* DLNAService.h */,
				EA61EB9318FE48C500D75696 /* DLNAService.m */,
				EA61EB9418FE48C500D75696 /* Helpers */,
				EA61EB9918FE48C500D75696 /* NetcastTVService.h */,
				EA61EB9A18FE48C500D75696 /* NetcastTVService.m */,
				EA61EB9B18FE48C500D75696 /* RokuService.h */,
				EA61EB9C18FE48C500D75696 /* RokuService.m */,
				EA61EB9D18FE48C500D75696 /* Sessions */,
				EA61EBA718FE48C500D75696 /* WebOSTVService.h */,
				EA61EBA818FE48C500D75696 /* WebOSTVService.m */,
				BB9F786205D0DD1F8718CF96 /* AirPlayService.m */,
				BB9F765C7443AC13CB37632E /* AirPlayService.h */,
			);
			path = Services;
			sourceTree = "<group>";
		};
		EA61EB6B18FE48C500D75696 /* Capabilities */ = {
			isa = PBXGroup;
			children = (
				EA61EB6C18FE48C500D75696 /* Capability.h */,
				EA61EB6D18FE48C500D75696 /* ExternalInputControl.h */,
				EA61EB6E18FE48C500D75696 /* KeyControl.h */,
				EA61EB6F18FE48C500D75696 /* Launcher.h */,
				EA61EB7018FE48C500D75696 /* MediaControl.h */,
				EA61EB7118FE48C500D75696 /* MediaPlayer.h */,
				EA61EB7218FE48C500D75696 /* MouseControl.h */,
				EA61EB7318FE48C500D75696 /* PowerControl.h */,
				EA61EB7418FE48C500D75696 /* TextInputControl.h */,
				EA61EB7518FE48C500D75696 /* ToastControl.h */,
				EA61EB7618FE48C500D75696 /* TVControl.h */,
				EA61EB7718FE48C500D75696 /* VolumeControl.h */,
				EA61EB7818FE48C500D75696 /* WebAppLauncher.h */,
			);
			path = Capabilities;
			sourceTree = "<group>";
		};
		EA61EB7B18FE48C500D75696 /* Commands */ = {
			isa = PBXGroup;
			children = (
				EA61EB7C18FE48C500D75696 /* ServiceAsyncCommand.h */,
				EA61EB7D18FE48C500D75696 /* ServiceAsyncCommand.m */,
				EA61EB7E18FE48C500D75696 /* ServiceCommand.h */,
				EA61EB7F18FE48C500D75696 /* ServiceCommand.m */,
				EA61EB8018FE48C500D75696 /* ServiceCommandDelegate.h */,
				EA61EB8118FE48C500D75696 /* ServiceSubscription.h */,
				EA61EB8218FE48C500D75696 /* ServiceSubscription.m */,
			);
			path = Commands;
			sourceTree = "<group>";
		};
		EA61EB8318FE48C500D75696 /* Config */ = {
			isa = PBXGroup;
			children = (
				EA61EB8418FE48C500D75696 /* NetcastTVServiceConfig.h */,
				EA61EB8518FE48C500D75696 /* NetcastTVServiceConfig.m */,
				EA61EB8618FE48C500D75696 /* ServiceConfig.h */,
				EA61EB8718FE48C500D75696 /* ServiceConfig.m */,
				EA61EB8818FE48C500D75696 /* ServiceConfigDelegate.h */,
				EA61EB8918FE48C500D75696 /* ServiceDescription.h */,
				EA61EB8A18FE48C500D75696 /* ServiceDescription.m */,
				EA61EB8B18FE48C500D75696 /* WebOSTVServiceConfig.h */,
				EA61EB8C18FE48C500D75696 /* WebOSTVServiceConfig.m */,
			);
			path = Config;
			sourceTree = "<group>";
		};
		EA61EB9418FE48C500D75696 /* Helpers */ = {
			isa = PBXGroup;
			children = (
				EA61EB9518FE48C500D75696 /* CastServiceChannel.h */,
				EA61EB9618FE48C500D75696 /* CastServiceChannel.m */,
				EA61EB9718FE48C500D75696 /* WebOSTVServiceMouse.h */,
				EA61EB9818FE48C500D75696 /* WebOSTVServiceMouse.m */,
				BB9F7C85F1073867229D87EA /* AirPlayServiceMirrored.m */,
				BB9F74D76D7D96D4136929C8 /* AirPlayServiceMirrored.h */,
				BB9F7960CFCF1CEA2AF317F0 /* AirPlayServiceHTTP.m */,
				BB9F7C3C796FA0C8CD18C649 /* AirPlayServiceHTTP.h */,
				BB9F7EB7477EC3A22B5E3114 /* WebOSTVServiceSocketClient.m */,
				BB9F760BBBC0E963F08D4CD1 /* WebOSTVServiceSocketClient.h */,
			);
			path = Helpers;
			sourceTree = "<group>";
		};
		EA61EB9D18FE48C500D75696 /* Sessions */ = {
			isa = PBXGroup;
			children = (
				EA61EB9E18FE48C500D75696 /* CastWebAppSession.h */,
				EA61EB9F18FE48C500D75696 /* CastWebAppSession.m */,
				EA61EBA018FE48C500D75696 /* LaunchSession.h */,
				EA61EBA118FE48C500D75696 /* LaunchSession.m */,
				EA61EBA218FE48C500D75696 /* WebAppSession.h */,
				EA61EBA318FE48C500D75696 /* WebAppSession.m */,
				EA61EBA418FE48C500D75696 /* WebAppSessionDelegate.h */,
				EA61EBA518FE48C500D75696 /* WebOSWebAppSession.h */,
				EA61EBA618FE48C500D75696 /* WebOSWebAppSession.m */,
				BB9F76C6A6C862002C9FB89D /* AirPlayWebAppSession.m */,
				BB9F725D0F278CD7B78F1FC6 /* AirPlayWebAppSession.h */,
			);
			path = Sessions;
			sourceTree = "<group>";
		};
		EA61EBCE18FE48D400D75696 /* Frameworks */ = {
			isa = PBXGroup;
			children = (
				EA9AB008193F957800B72990 /* Reachability */,
				EA9AAF90193F94F600B72990 /* ASIHTTPRequest */,
				EA61EBCF18FE48D400D75696 /* CGDWebServer */,
				EA61EBDA18FE48D400D75696 /* objc-guid */,
				EA61EBDE18FE48D400D75696 /* SocketRocket */,
				EA61EBE218FE48D400D75696 /* XMLReader */,
			);
			path = Frameworks;
			sourceTree = "<group>";
		};
		EA61EBCF18FE48D400D75696 /* CGDWebServer */ = {
			isa = PBXGroup;
			children = (
				EA61EBD018FE48D400D75696 /* GCDWebServer.h */,
				EA61EBD118FE48D400D75696 /* GCDWebServer.m */,
				EA61EBD218FE48D400D75696 /* GCDWebServerConnection.h */,
				EA61EBD318FE48D400D75696 /* GCDWebServerConnection.m */,
				EA61EBD418FE48D400D75696 /* GCDWebServerPrivate.h */,
				EA61EBD518FE48D400D75696 /* GCDWebServerRequest.h */,
				EA61EBD618FE48D400D75696 /* GCDWebServerRequest.m */,
				EA61EBD718FE48D400D75696 /* GCDWebServerResponse.h */,
				EA61EBD818FE48D400D75696 /* GCDWebServerResponse.m */,
			);
			path = CGDWebServer;
			sourceTree = "<group>";
		};
		EA61EBDA18FE48D400D75696 /* objc-guid */ = {
			isa = PBXGroup;
			children = (
				EA61EBDB18FE48D400D75696 /* Guid.h */,
				EA61EBDC18FE48D400D75696 /* Guid.m */,
			);
			path = "objc-guid";
			sourceTree = "<group>";
		};
		EA61EBDE18FE48D400D75696 /* SocketRocket */ = {
			isa = PBXGroup;
			children = (
				EA61EBDF18FE48D400D75696 /* LGSRWebSocket.h */,
				EA61EBE018FE48D400D75696 /* LGSRWebSocket.m */,
			);
			path = SocketRocket;
			sourceTree = "<group>";
		};
		EA61EBE218FE48D400D75696 /* XMLReader */ = {
			isa = PBXGroup;
			children = (
				EA61EBE418FE48D400D75696 /* XMLReader.h */,
				EA61EBE518FE48D400D75696 /* XMLReader.m */,
			);
			path = XMLReader;
			sourceTree = "<group>";
		};
		EA9AAF90193F94F600B72990 /* ASIHTTPRequest */ = {
			isa = PBXGroup;
			children = (
				EA9AAF91193F94F600B72990 /* ASIAuthenticationDialog.h */,
				EA9AAF92193F94F600B72990 /* ASIAuthenticationDialog.m */,
				EA9AAF93193F94F600B72990 /* ASICacheDelegate.h */,
				EA9AAF94193F94F600B72990 /* ASIDataCompressor.h */,
				EA9AAF95193F94F600B72990 /* ASIDataCompressor.m */,
				EA9AAF96193F94F600B72990 /* ASIDataDecompressor.h */,
				EA9AAF97193F94F600B72990 /* ASIDataDecompressor.m */,
				EA9AAF98193F94F600B72990 /* ASIDownloadCache.h */,
				EA9AAF99193F94F600B72990 /* ASIDownloadCache.m */,
				EA9AAF9A193F94F600B72990 /* ASIFormDataRequest.h */,
				EA9AAF9B193F94F600B72990 /* ASIFormDataRequest.m */,
				EA9AAF9C193F94F600B72990 /* ASIHTTPRequest.h */,
				EA9AAF9D193F94F600B72990 /* ASIHTTPRequest.m */,
				EA9AAF9E193F94F600B72990 /* ASIHTTPRequestConfig.h */,
				EA9AAF9F193F94F600B72990 /* ASIHTTPRequestDelegate.h */,
				EA9AAFA0193F94F600B72990 /* ASIInputStream.h */,
				EA9AAFA1193F94F600B72990 /* ASIInputStream.m */,
				EA9AAFA2193F94F600B72990 /* ASINetworkQueue.h */,
				EA9AAFA3193F94F600B72990 /* ASINetworkQueue.m */,
				EA9AAFA4193F94F600B72990 /* ASIProgressDelegate.h */,
			);
			name = ASIHTTPRequest;
			path = "asi-http-request/Classes";
			sourceTree = "<group>";
		};
		EA9AB008193F957800B72990 /* Reachability */ = {
			isa = PBXGroup;
			children = (
				EA9AB009193F957800B72990 /* Reachability.h */,
				EA9AB00A193F957800B72990 /* Reachability.m */,
			);
			name = Reachability;
			path = "asi-http-request/External/Reachability";
			sourceTree = "<group>";
		};
/* End PBXGroup section */

/* Begin PBXNativeTarget section */
		EA61EB0F18FE485B00D75696 /* ConnectSDK */ = {
			isa = PBXNativeTarget;
			buildConfigurationList = EA61EB3318FE485B00D75696 /* Build configuration list for PBXNativeTarget "ConnectSDK" */;
			buildPhases = (
				EA61EB0C18FE485B00D75696 /* Sources */,
				EA61EB0D18FE485B00D75696 /* Frameworks */,
				EA61EB0E18FE485B00D75696 /* CopyFiles */,
			);
			buildRules = (
			);
			dependencies = (
			);
			name = ConnectSDK;
			productName = "Connect SDK";
			productReference = EA61EB1018FE485B00D75696 /* libConnectSDK.a */;
			productType = "com.apple.product-type.library.static";
		};
/* End PBXNativeTarget section */

/* Begin PBXProject section */
		EA61EB0818FE485B00D75696 /* Project object */ = {
			isa = PBXProject;
			attributes = {
				LastUpgradeCheck = 0510;
				ORGANIZATIONNAME = "LG Electronics";
			};
			buildConfigurationList = EA61EB0B18FE485B00D75696 /* Build configuration list for PBXProject "ConnectSDK" */;
			compatibilityVersion = "Xcode 3.2";
			developmentRegion = English;
			hasScannedForEncodings = 0;
			knownRegions = (
				en,
			);
			mainGroup = EA61EB0718FE485B00D75696;
			productRefGroup = EA61EB1118FE485B00D75696 /* Products */;
			projectDirPath = "";
			projectRoot = "";
			targets = (
				EA61EB0F18FE485B00D75696 /* ConnectSDK */,
			);
		};
/* End PBXProject section */

/* Begin PBXSourcesBuildPhase section */
		EA61EB0C18FE485B00D75696 /* Sources */ = {
			isa = PBXSourcesBuildPhase;
			buildActionMask = 2147483647;
			files = (
				EA61EBB318FE48C500D75696 /* ConnectError.m in Sources */,
				EA61EBB118FE48C500D75696 /* AppInfo.m in Sources */,
				EA61EBC318FE48C500D75696 /* DIALService.m in Sources */,
				EA61EBB718FE48C500D75696 /* ProgramInfo.m in Sources */,
				EA61EBE818FE48D400D75696 /* GCDWebServerRequest.m in Sources */,
				EA61EBE618FE48D400D75696 /* GCDWebServer.m in Sources */,
				EA61EBEC18FE48D400D75696 /* XMLReader.m in Sources */,
				EA61EBC418FE48C500D75696 /* DLNAService.m in Sources */,
				EA61EBAA18FE48C500D75696 /* DefaultConnectableDeviceStore.m in Sources */,
				EA61EBC618FE48C500D75696 /* WebOSTVServiceMouse.m in Sources */,
				EA61EBC718FE48C500D75696 /* NetcastTVService.m in Sources */,
				EA61EBAC18FE48C500D75696 /* CapabilityFilter.m in Sources */,
				EA61EBB218FE48C500D75696 /* ChannelInfo.m in Sources */,
				EA61EBAF18FE48C500D75696 /* CastDiscoveryProvider.m in Sources */,
				EA61EBAD18FE48C500D75696 /* DiscoveryManager.m in Sources */,
				EA61EBBA18FE48C500D75696 /* CastService.m in Sources */,
				EA61EBB818FE48C500D75696 /* SSDPSocketListener.m in Sources */,
				EA61EBBE18FE48C500D75696 /* NetcastTVServiceConfig.m in Sources */,
				EA61EBCB18FE48C500D75696 /* WebAppSession.m in Sources */,
				EA9AAFE6193F94F600B72990 /* ASIDownloadCache.m in Sources */,
				EA9AAFE9193F94F600B72990 /* ASIInputStream.m in Sources */,
				EA61EBB618FE48C500D75696 /* ExternalInputInfo.m in Sources */,
				EA61EBBB18FE48C500D75696 /* ServiceAsyncCommand.m in Sources */,
				EA9AAFEA193F94F600B72990 /* ASINetworkQueue.m in Sources */,
				EA9AB00B193F957800B72990 /* Reachability.m in Sources */,
				EA61EBE918FE48D400D75696 /* GCDWebServerResponse.m in Sources */,
				EA61EBAB18FE48C500D75696 /* DevicePicker.m in Sources */,
				EA61EBEA18FE48D400D75696 /* Guid.m in Sources */,
				EA61EBC118FE48C500D75696 /* WebOSTVServiceConfig.m in Sources */,
				EA61EBCD18FE48C500D75696 /* WebOSTVService.m in Sources */,
				EA9AAFE8193F94F600B72990 /* ASIHTTPRequest.m in Sources */,
				EA61EBB918FE48C500D75696 /* TextInputStatusInfo.m in Sources */,
				EA61EBB418FE48C500D75696 /* ConnectUtil.m in Sources */,
				EA61EBB518FE48C500D75696 /* DeviceServiceReachability.m in Sources */,
				EA61EBA918FE48C500D75696 /* ConnectableDevice.m in Sources */,
				EA61EBEB18FE48D400D75696 /* LGSRWebSocket.m in Sources */,
				EA61EBE718FE48D400D75696 /* GCDWebServerConnection.m in Sources */,
				EA61EBAE18FE48C500D75696 /* DiscoveryProvider.m in Sources */,
				EA61EBC918FE48C500D75696 /* CastWebAppSession.m in Sources */,
				EA61EBCC18FE48C500D75696 /* WebOSWebAppSession.m in Sources */,
				EA61EBCA18FE48C500D75696 /* LaunchSession.m in Sources */,
				EA61EBB018FE48C500D75696 /* SSDPDiscoveryProvider.m in Sources */,
				EA61EBC018FE48C500D75696 /* ServiceDescription.m in Sources */,
				EA61EBC818FE48C500D75696 /* RokuService.m in Sources */,
				EA61EBBC18FE48C500D75696 /* ServiceCommand.m in Sources */,
				EA61EBC218FE48C500D75696 /* DeviceService.m in Sources */,
				EA9AAFE5193F94F600B72990 /* ASIDataDecompressor.m in Sources */,
				EA61EBC518FE48C500D75696 /* CastServiceChannel.m in Sources */,
				EA61EBBD18FE48C500D75696 /* ServiceSubscription.m in Sources */,
				EA61EBBF18FE48C500D75696 /* ServiceConfig.m in Sources */,
				BB9F75C707C7D86EB1934BD5 /* ZeroConfDiscoveryProvider.m in Sources */,
				EA9AAFE4193F94F600B72990 /* ASIDataCompressor.m in Sources */,
				BB9F710601FE8B999634A5BF /* AirPlayWebAppSession.m in Sources */,
				EA9AAFE7193F94F600B72990 /* ASIFormDataRequest.m in Sources */,
				BB9F70B6CD7601E5E08902A1 /* AirPlayService.m in Sources */,
				EA9AAFE3193F94F600B72990 /* ASIAuthenticationDialog.m in Sources */,
				BB9F7C2660FBFFFDA89D5683 /* AirPlayServiceMirrored.m in Sources */,
				BB9F7ED4584DEA55E1EB958B /* AirPlayServiceHTTP.m in Sources */,
				BB9F77CAA91F6D159BAC3C28 /* WebOSTVServiceSocketClient.m in Sources */,
			);
			runOnlyForDeploymentPostprocessing = 0;
		};
/* End PBXSourcesBuildPhase section */

/* Begin XCBuildConfiguration section */
		EA61EB3118FE485B00D75696 /* Debug */ = {
			isa = XCBuildConfiguration;
			buildSettings = {
				ALWAYS_SEARCH_USER_PATHS = NO;
				CLANG_CXX_LANGUAGE_STANDARD = "gnu++0x";
				CLANG_CXX_LIBRARY = "libc++";
				CLANG_ENABLE_MODULES = YES;
				CLANG_ENABLE_OBJC_ARC = YES;
				CLANG_WARN_BOOL_CONVERSION = YES;
				CLANG_WARN_CONSTANT_CONVERSION = YES;
				CLANG_WARN_DIRECT_OBJC_ISA_USAGE = YES_ERROR;
				CLANG_WARN_EMPTY_BODY = YES;
				CLANG_WARN_ENUM_CONVERSION = YES;
				CLANG_WARN_INT_CONVERSION = YES;
				CLANG_WARN_OBJC_ROOT_CLASS = YES_ERROR;
				CLANG_WARN__DUPLICATE_METHOD_MATCH = YES;
				COPY_PHASE_STRIP = NO;
				GCC_C_LANGUAGE_STANDARD = gnu99;
				GCC_DYNAMIC_NO_PIC = NO;
				GCC_OPTIMIZATION_LEVEL = 0;
				GCC_PREPROCESSOR_DEFINITIONS = (
					"DEBUG=1",
					"$(inherited)",
				);
				GCC_SYMBOLS_PRIVATE_EXTERN = NO;
				GCC_WARN_64_TO_32_BIT_CONVERSION = YES;
				GCC_WARN_ABOUT_RETURN_TYPE = YES_ERROR;
				GCC_WARN_UNDECLARED_SELECTOR = YES;
				GCC_WARN_UNINITIALIZED_AUTOS = YES_AGGRESSIVE;
				GCC_WARN_UNUSED_FUNCTION = YES;
				GCC_WARN_UNUSED_VARIABLE = YES;
				IPHONEOS_DEPLOYMENT_TARGET = 7.1;
				ONLY_ACTIVE_ARCH = YES;
				SDKROOT = iphoneos;
			};
			name = Debug;
		};
		EA61EB3218FE485B00D75696 /* Release */ = {
			isa = XCBuildConfiguration;
			buildSettings = {
				ALWAYS_SEARCH_USER_PATHS = NO;
				CLANG_CXX_LANGUAGE_STANDARD = "gnu++0x";
				CLANG_CXX_LIBRARY = "libc++";
				CLANG_ENABLE_MODULES = YES;
				CLANG_ENABLE_OBJC_ARC = YES;
				CLANG_WARN_BOOL_CONVERSION = YES;
				CLANG_WARN_CONSTANT_CONVERSION = YES;
				CLANG_WARN_DIRECT_OBJC_ISA_USAGE = YES_ERROR;
				CLANG_WARN_EMPTY_BODY = YES;
				CLANG_WARN_ENUM_CONVERSION = YES;
				CLANG_WARN_INT_CONVERSION = YES;
				CLANG_WARN_OBJC_ROOT_CLASS = YES_ERROR;
				CLANG_WARN__DUPLICATE_METHOD_MATCH = YES;
				COPY_PHASE_STRIP = YES;
				ENABLE_NS_ASSERTIONS = NO;
				GCC_C_LANGUAGE_STANDARD = gnu99;
				GCC_WARN_64_TO_32_BIT_CONVERSION = YES;
				GCC_WARN_ABOUT_RETURN_TYPE = YES_ERROR;
				GCC_WARN_UNDECLARED_SELECTOR = YES;
				GCC_WARN_UNINITIALIZED_AUTOS = YES_AGGRESSIVE;
				GCC_WARN_UNUSED_FUNCTION = YES;
				GCC_WARN_UNUSED_VARIABLE = YES;
				IPHONEOS_DEPLOYMENT_TARGET = 7.1;
				SDKROOT = iphoneos;
				VALIDATE_PRODUCT = YES;
			};
			name = Release;
		};
		EA61EB3418FE485B00D75696 /* Debug */ = {
			isa = XCBuildConfiguration;
			buildSettings = {
				ALWAYS_SEARCH_USER_PATHS = YES;
				DSTROOT = /tmp/Connect_SDK.dst;
				FRAMEWORK_SEARCH_PATHS = (
					"$(inherited)",
					"$(PROJECT_DIR)/ConnectSDK/Frameworks",
				);
				GCC_PRECOMPILE_PREFIX_HEADER = YES;
				GCC_PREFIX_HEADER = "ConnectSDK/ConnectSDK-Prefix.pch";
				GCC_WARN_ABOUT_MISSING_NEWLINE = YES;
				OTHER_LDFLAGS = "-ObjC";
				PRODUCT_NAME = ConnectSDK;
				SKIP_INSTALL = YES;
				VALID_ARCHS = "arm64 armv7 armv7s";
			};
			name = Debug;
		};
		EA61EB3518FE485B00D75696 /* Release */ = {
			isa = XCBuildConfiguration;
			buildSettings = {
				ALWAYS_SEARCH_USER_PATHS = YES;
				DSTROOT = /tmp/Connect_SDK.dst;
				FRAMEWORK_SEARCH_PATHS = (
					"$(inherited)",
					"$(PROJECT_DIR)/ConnectSDK/Frameworks",
				);
				GCC_PRECOMPILE_PREFIX_HEADER = YES;
				GCC_PREFIX_HEADER = "ConnectSDK/ConnectSDK-Prefix.pch";
				GCC_WARN_ABOUT_MISSING_NEWLINE = YES;
				OTHER_LDFLAGS = "-ObjC";
				PRODUCT_NAME = ConnectSDK;
				SKIP_INSTALL = YES;
				VALID_ARCHS = "arm64 armv7 armv7s";
			};
			name = Release;
		};
/* End XCBuildConfiguration section */

/* Begin XCConfigurationList section */
		EA61EB0B18FE485B00D75696 /* Build configuration list for PBXProject "ConnectSDK" */ = {
			isa = XCConfigurationList;
			buildConfigurations = (
				EA61EB3118FE485B00D75696 /* Debug */,
				EA61EB3218FE485B00D75696 /* Release */,
			);
			defaultConfigurationIsVisible = 0;
			defaultConfigurationName = Release;
		};
		EA61EB3318FE485B00D75696 /* Build configuration list for PBXNativeTarget "ConnectSDK" */ = {
			isa = XCConfigurationList;
			buildConfigurations = (
				EA61EB3418FE485B00D75696 /* Debug */,
				EA61EB3518FE485B00D75696 /* Release */,
			);
			defaultConfigurationIsVisible = 0;
			defaultConfigurationName = Release;
		};
/* End XCConfigurationList section */
	};
	rootObject = EA61EB0818FE485B00D75696 /* Project object */;
}
